// !$*UTF8*$!
{
	archiveVersion = 1;
	classes = {
	};
	objectVersion = 50;
	objects = {

/* Begin PBXBuildFile section */
		BD09136126BD1CA00082386C /* PetalTestView.swift in Sources */ = {isa = PBXBuildFile; fileRef = BD09136026BD1CA00082386C /* PetalTestView.swift */; };
		BD142D7826B36E9300CB5F2C /* MenuButtonView.swift in Sources */ = {isa = PBXBuildFile; fileRef = BD142D7726B36E9300CB5F2C /* MenuButtonView.swift */; };
		BD215CD226B5546A00B1D493 /* StatsView.swift in Sources */ = {isa = PBXBuildFile; fileRef = BD215CD126B5546A00B1D493 /* StatsView.swift */; };
		BD279F9726BC800D005C8E3D /* ColorQuizMainView.swift in Sources */ = {isa = PBXBuildFile; fileRef = BD279F9626BC800D005C8E3D /* ColorQuizMainView.swift */; };
		BD279F9B26BC805F005C8E3D /* ColorQuizView.swift in Sources */ = {isa = PBXBuildFile; fileRef = BD279F9A26BC805F005C8E3D /* ColorQuizView.swift */; };
		BD2978EB2697C4B100F19AEF /* colorsData.json in Resources */ = {isa = PBXBuildFile; fileRef = BD2978EA2697C4B100F19AEF /* colorsData.json */; };
		BD2E41E226B5415900D19D50 /* ScorePointView.swift in Sources */ = {isa = PBXBuildFile; fileRef = BD2E41E126B5415900D19D50 /* ScorePointView.swift */; };
		BD3A3F1826B5C680006C8CDC /* BackButtonView.swift in Sources */ = {isa = PBXBuildFile; fileRef = BD3A3F1726B5C680006C8CDC /* BackButtonView.swift */; };
		BD3CF12C2692F07700FF0D68 /* Color_MatchingApp.swift in Sources */ = {isa = PBXBuildFile; fileRef = BD3CF12B2692F07700FF0D68 /* Color_MatchingApp.swift */; };
		BD3CF1302692F07900FF0D68 /* Assets.xcassets in Resources */ = {isa = PBXBuildFile; fileRef = BD3CF12F2692F07900FF0D68 /* Assets.xcassets */; };
		BD3CF1332692F07900FF0D68 /* Preview Assets.xcassets in Resources */ = {isa = PBXBuildFile; fileRef = BD3CF1322692F07900FF0D68 /* Preview Assets.xcassets */; };
		BD3CF1352692F07900FF0D68 /* Persistence.swift in Sources */ = {isa = PBXBuildFile; fileRef = BD3CF1342692F07900FF0D68 /* Persistence.swift */; };
		BD3CF1382692F07900FF0D68 /* Color_Matching.xcdatamodeld in Sources */ = {isa = PBXBuildFile; fileRef = BD3CF1362692F07900FF0D68 /* Color_Matching.xcdatamodeld */; };
		BD3DB4AB26BED66500763AAA /* OuterGlow.swift in Sources */ = {isa = PBXBuildFile; fileRef = BD3DB4AA26BED66500763AAA /* OuterGlow.swift */; };
		BD3DB4B026BEE0E200763AAA /* RollingAnimation.swift in Sources */ = {isa = PBXBuildFile; fileRef = BD3DB4AF26BEE0E200763AAA /* RollingAnimation.swift */; };
		BD3DB4BE26BF25F600763AAA /* ColorQuizStartView.swift in Sources */ = {isa = PBXBuildFile; fileRef = BD3DB4BD26BF25F600763AAA /* ColorQuizStartView.swift */; };
		BD3FB45126B1F25700BA5F3B /* TimerHelper.swift in Sources */ = {isa = PBXBuildFile; fileRef = BD3FB45026B1F25700BA5F3B /* TimerHelper.swift */; };
		BD3FB45626B1F84500BA5F3B /* NameQuizState.swift in Sources */ = {isa = PBXBuildFile; fileRef = BD3FB45526B1F84500BA5F3B /* NameQuizState.swift */; };
		BD3FB45B26B1FF9600BA5F3B /* LearnAndQuizState.swift in Sources */ = {isa = PBXBuildFile; fileRef = BD3FB45A26B1FF9600BA5F3B /* LearnAndQuizState.swift */; };
		BD59630E26BEB12900E404FC /* ColorQuizState.swift in Sources */ = {isa = PBXBuildFile; fileRef = BD59630D26BEB12900E404FC /* ColorQuizState.swift */; };
		BD59631326BECB3500E404FC /* ColorQuizDataManager.swift in Sources */ = {isa = PBXBuildFile; fileRef = BD59631226BECB3500E404FC /* ColorQuizDataManager.swift */; };
		BD65930A26B6A3FB004E27C4 /* QuizResultsView.swift in Sources */ = {isa = PBXBuildFile; fileRef = BD65930926B6A3FB004E27C4 /* QuizResultsView.swift */; };
		BD6C17A926B55E7D00C28F20 /* StatItemView.swift in Sources */ = {isa = PBXBuildFile; fileRef = BD6C17A826B55E7D00C28F20 /* StatItemView.swift */; };
		BD6C17AE26B5605100C28F20 /* StatCaptionView.swift in Sources */ = {isa = PBXBuildFile; fileRef = BD6C17AD26B5605100C28F20 /* StatCaptionView.swift */; };
		BD6C17B726B5755500C28F20 /* CoreDataManager.swift in Sources */ = {isa = PBXBuildFile; fileRef = BD6C17B626B5755500C28F20 /* CoreDataManager.swift */; };
		BD6D1F5026BDE33300CF34BF /* PetalView.swift in Sources */ = {isa = PBXBuildFile; fileRef = BD6D1F4F26BDE33300CF34BF /* PetalView.swift */; };
		BD6D1F5326BDE49C00CF34BF /* BackgroundView2.swift in Sources */ = {isa = PBXBuildFile; fileRef = BD6D1F5226BDE49C00CF34BF /* BackgroundView2.swift */; };
		BD6EC87226B9CAAF001B563E /* NameQuizStartView.swift in Sources */ = {isa = PBXBuildFile; fileRef = BD6EC87126B9CAAF001B563E /* NameQuizStartView.swift */; };
		BD79806126BECC4A00261004 /* NameQuizDataManager.swift in Sources */ = {isa = PBXBuildFile; fileRef = BD79806026BECC4A00261004 /* NameQuizDataManager.swift */; };
		BD9E1F2126B4A8F900ADD891 /* ScoreManager.swift in Sources */ = {isa = PBXBuildFile; fileRef = BD9E1F2026B4A8F900ADD891 /* ScoreManager.swift */; };
		BDC817D426BB392900DD0B45 /* QuizColorPickView.swift in Sources */ = {isa = PBXBuildFile; fileRef = BDC817D326BB392900DD0B45 /* QuizColorPickView.swift */; };
		BDC817D726BB3A3900DD0B45 /* QuizResultsStore.swift in Sources */ = {isa = PBXBuildFile; fileRef = BDC817D626BB3A3900DD0B45 /* QuizResultsStore.swift */; };
		BDE58DF426BB27CF00387545 /* QuizButtons.swift in Sources */ = {isa = PBXBuildFile; fileRef = BDE58DF326BB27CF00387545 /* QuizButtons.swift */; };
		BDEC060026B9DC9C0087833D /* FakeButtonsView.swift in Sources */ = {isa = PBXBuildFile; fileRef = BDEC05FF26B9DC9C0087833D /* FakeButtonsView.swift */; };
		BDFAB12726AF653F00BF65CD /* TimerView.swift in Sources */ = {isa = PBXBuildFile; fileRef = BDFAB12626AF653F00BF65CD /* TimerView.swift */; };
		F125010F26A5819700B521F1 /* ColorConverter.swift in Sources */ = {isa = PBXBuildFile; fileRef = F125010E26A5819700B521F1 /* ColorConverter.swift */; };
		F145D10726A44D500044476F /* CardAnimations.swift in Sources */ = {isa = PBXBuildFile; fileRef = F145D10626A44D500044476F /* CardAnimations.swift */; };
		F1469CAE2698D8A1006A14BC /* MainMenuView.swift in Sources */ = {isa = PBXBuildFile; fileRef = F1469CAD2698D8A1006A14BC /* MainMenuView.swift */; };
		F14A3C34269B27B800B9A710 /* ColorModel.swift in Sources */ = {isa = PBXBuildFile; fileRef = F14A3C33269B27B800B9A710 /* ColorModel.swift */; };
		F14A3C4B269B28FB00B9A710 /* DataHelper.swift in Sources */ = {isa = PBXBuildFile; fileRef = F14A3C4A269B28FB00B9A710 /* DataHelper.swift */; };
		F169585226A9F89200E1E86A /* Math.swift in Sources */ = {isa = PBXBuildFile; fileRef = F169585126A9F89200E1E86A /* Math.swift */; };
		F169585726AA0B3900E1E86A /* SimilarColorsView.swift in Sources */ = {isa = PBXBuildFile; fileRef = F169585626AA0B3900E1E86A /* SimilarColorsView.swift */; };
		F1758E6926A0DEB20035E6B5 /* LearnColorsView.swift in Sources */ = {isa = PBXBuildFile; fileRef = F1758E6826A0DEB20035E6B5 /* LearnColorsView.swift */; };
		F1758E6E26A0DFA60035E6B5 /* ColorCardMinimalView.swift in Sources */ = {isa = PBXBuildFile; fileRef = F1758E6D26A0DFA60035E6B5 /* ColorCardMinimalView.swift */; };
		F1913CB026AC7BAB006D8D19 /* NameQuizMainView.swift in Sources */ = {isa = PBXBuildFile; fileRef = F1913CAF26AC7BAB006D8D19 /* NameQuizMainView.swift */; };
		F197014926A6DF4800494B2F /* AnimationsTest.swift in Sources */ = {isa = PBXBuildFile; fileRef = F197014826A6DF4800494B2F /* AnimationsTest.swift */; };
		F1A8428826A623DE0068A897 /* DefinedColors.swift in Sources */ = {isa = PBXBuildFile; fileRef = F1A8428726A623DE0068A897 /* DefinedColors.swift */; };
		F1B568D326A608B20008494D /* BackgroundView.swift in Sources */ = {isa = PBXBuildFile; fileRef = F1B568D226A608B20008494D /* BackgroundView.swift */; };
		F1C519DA269DE18C0096B9B4 /* ReadSizeExtension.swift in Sources */ = {isa = PBXBuildFile; fileRef = F1C519D9269DE18C0096B9B4 /* ReadSizeExtension.swift */; };
		F1D22CA8269B89AE009D4BD2 /* SwipeView.swift in Sources */ = {isa = PBXBuildFile; fileRef = F1D22CA7269B89AE009D4BD2 /* SwipeView.swift */; };
		F1D22CAD269BA14A009D4BD2 /* ColorCardView.swift in Sources */ = {isa = PBXBuildFile; fileRef = F1D22CAC269BA14A009D4BD2 /* ColorCardView.swift */; };
		F1D656E726AB552B007BCDAE /* TransparentCardView.swift in Sources */ = {isa = PBXBuildFile; fileRef = F1D656E626AB552B007BCDAE /* TransparentCardView.swift */; };
		F1D656EF26AB758A007BCDAE /* NameQuizView.swift in Sources */ = {isa = PBXBuildFile; fileRef = F1D656EE26AB758A007BCDAE /* NameQuizView.swift */; };
		F1E28E0626AB0D1200B62054 /* SimilarColorPicker.swift in Sources */ = {isa = PBXBuildFile; fileRef = F1E28E0526AB0D1200B62054 /* SimilarColorPicker.swift */; };
		F1E28E0B26AB0D6000B62054 /* ColorsPickerHelper.swift in Sources */ = {isa = PBXBuildFile; fileRef = F1E28E0A26AB0D6000B62054 /* ColorsPickerHelper.swift */; };
		F1E28E1326AB128400B62054 /* Hardness.swift in Sources */ = {isa = PBXBuildFile; fileRef = F1E28E1226AB128400B62054 /* Hardness.swift */; };
		F1F3757826A75D4700FBA06A /* GameHelpers.swift in Sources */ = {isa = PBXBuildFile; fileRef = F1F3757726A75D4700FBA06A /* GameHelpers.swift */; };
/* End PBXBuildFile section */

/* Begin PBXFileReference section */
		BD09136026BD1CA00082386C /* PetalTestView.swift */ = {isa = PBXFileReference; lastKnownFileType = sourcecode.swift; path = PetalTestView.swift; sourceTree = "<group>"; };
		BD142D7726B36E9300CB5F2C /* MenuButtonView.swift */ = {isa = PBXFileReference; lastKnownFileType = sourcecode.swift; path = MenuButtonView.swift; sourceTree = "<group>"; };
		BD215CD126B5546A00B1D493 /* StatsView.swift */ = {isa = PBXFileReference; lastKnownFileType = sourcecode.swift; path = StatsView.swift; sourceTree = "<group>"; };
		BD279F9626BC800D005C8E3D /* ColorQuizMainView.swift */ = {isa = PBXFileReference; lastKnownFileType = sourcecode.swift; path = ColorQuizMainView.swift; sourceTree = "<group>"; };
		BD279F9A26BC805F005C8E3D /* ColorQuizView.swift */ = {isa = PBXFileReference; lastKnownFileType = sourcecode.swift; path = ColorQuizView.swift; sourceTree = "<group>"; };
		BD2978EA2697C4B100F19AEF /* colorsData.json */ = {isa = PBXFileReference; fileEncoding = 4; lastKnownFileType = text.json; path = colorsData.json; sourceTree = "<group>"; };
		BD2E41E126B5415900D19D50 /* ScorePointView.swift */ = {isa = PBXFileReference; lastKnownFileType = sourcecode.swift; path = ScorePointView.swift; sourceTree = "<group>"; };
		BD3A3F1726B5C680006C8CDC /* BackButtonView.swift */ = {isa = PBXFileReference; lastKnownFileType = sourcecode.swift; path = BackButtonView.swift; sourceTree = "<group>"; };
		BD3CF1282692F07700FF0D68 /* HueQueue.app */ = {isa = PBXFileReference; explicitFileType = wrapper.application; includeInIndex = 0; path = HueQueue.app; sourceTree = BUILT_PRODUCTS_DIR; };
		BD3CF12B2692F07700FF0D68 /* Color_MatchingApp.swift */ = {isa = PBXFileReference; lastKnownFileType = sourcecode.swift; path = Color_MatchingApp.swift; sourceTree = "<group>"; };
		BD3CF12F2692F07900FF0D68 /* Assets.xcassets */ = {isa = PBXFileReference; lastKnownFileType = folder.assetcatalog; path = Assets.xcassets; sourceTree = "<group>"; };
		BD3CF1322692F07900FF0D68 /* Preview Assets.xcassets */ = {isa = PBXFileReference; lastKnownFileType = folder.assetcatalog; path = "Preview Assets.xcassets"; sourceTree = "<group>"; };
		BD3CF1342692F07900FF0D68 /* Persistence.swift */ = {isa = PBXFileReference; lastKnownFileType = sourcecode.swift; path = Persistence.swift; sourceTree = "<group>"; };
		BD3CF1372692F07900FF0D68 /* Color_Matching.xcdatamodel */ = {isa = PBXFileReference; lastKnownFileType = wrapper.xcdatamodel; path = Color_Matching.xcdatamodel; sourceTree = "<group>"; };
		BD3CF1392692F07900FF0D68 /* Info.plist */ = {isa = PBXFileReference; lastKnownFileType = text.plist.xml; path = Info.plist; sourceTree = "<group>"; };
		BD3CF1422692F07A00FF0D68 /* Color_MatchingTests.swift */ = {isa = PBXFileReference; lastKnownFileType = sourcecode.swift; path = Color_MatchingTests.swift; sourceTree = "<group>"; };
		BD3CF1442692F07A00FF0D68 /* Info.plist */ = {isa = PBXFileReference; lastKnownFileType = text.plist.xml; path = Info.plist; sourceTree = "<group>"; };
		BD3CF14D2692F07A00FF0D68 /* Color_MatchingUITests.swift */ = {isa = PBXFileReference; lastKnownFileType = sourcecode.swift; path = Color_MatchingUITests.swift; sourceTree = "<group>"; };
		BD3CF14F2692F07A00FF0D68 /* Info.plist */ = {isa = PBXFileReference; lastKnownFileType = text.plist.xml; path = Info.plist; sourceTree = "<group>"; };
		BD3DB4AA26BED66500763AAA /* OuterGlow.swift */ = {isa = PBXFileReference; lastKnownFileType = sourcecode.swift; path = OuterGlow.swift; sourceTree = "<group>"; };
		BD3DB4AF26BEE0E200763AAA /* RollingAnimation.swift */ = {isa = PBXFileReference; lastKnownFileType = sourcecode.swift; path = RollingAnimation.swift; sourceTree = "<group>"; };
		BD3DB4BD26BF25F600763AAA /* ColorQuizStartView.swift */ = {isa = PBXFileReference; lastKnownFileType = sourcecode.swift; path = ColorQuizStartView.swift; sourceTree = "<group>"; };
		BD3FB45026B1F25700BA5F3B /* TimerHelper.swift */ = {isa = PBXFileReference; lastKnownFileType = sourcecode.swift; name = TimerHelper.swift; path = "Color Matching/Helpers/TimerHelper.swift"; sourceTree = SOURCE_ROOT; };
		BD3FB45526B1F84500BA5F3B /* NameQuizState.swift */ = {isa = PBXFileReference; lastKnownFileType = sourcecode.swift; path = NameQuizState.swift; sourceTree = "<group>"; };
		BD3FB45A26B1FF9600BA5F3B /* LearnAndQuizState.swift */ = {isa = PBXFileReference; lastKnownFileType = sourcecode.swift; path = LearnAndQuizState.swift; sourceTree = "<group>"; };
		BD59630D26BEB12900E404FC /* ColorQuizState.swift */ = {isa = PBXFileReference; lastKnownFileType = sourcecode.swift; path = ColorQuizState.swift; sourceTree = "<group>"; };
		BD59631226BECB3500E404FC /* ColorQuizDataManager.swift */ = {isa = PBXFileReference; lastKnownFileType = sourcecode.swift; path = ColorQuizDataManager.swift; sourceTree = "<group>"; };
		BD65930926B6A3FB004E27C4 /* QuizResultsView.swift */ = {isa = PBXFileReference; lastKnownFileType = sourcecode.swift; path = QuizResultsView.swift; sourceTree = "<group>"; };
		BD6C17A826B55E7D00C28F20 /* StatItemView.swift */ = {isa = PBXFileReference; lastKnownFileType = sourcecode.swift; path = StatItemView.swift; sourceTree = "<group>"; };
		BD6C17AD26B5605100C28F20 /* StatCaptionView.swift */ = {isa = PBXFileReference; lastKnownFileType = sourcecode.swift; path = StatCaptionView.swift; sourceTree = "<group>"; };
		BD6C17B626B5755500C28F20 /* CoreDataManager.swift */ = {isa = PBXFileReference; lastKnownFileType = sourcecode.swift; path = CoreDataManager.swift; sourceTree = "<group>"; };
		BD6D1F4F26BDE33300CF34BF /* PetalView.swift */ = {isa = PBXFileReference; lastKnownFileType = sourcecode.swift; path = PetalView.swift; sourceTree = "<group>"; };
		BD6D1F5226BDE49C00CF34BF /* BackgroundView2.swift */ = {isa = PBXFileReference; lastKnownFileType = sourcecode.swift; path = BackgroundView2.swift; sourceTree = "<group>"; };
		BD6EC87126B9CAAF001B563E /* NameQuizStartView.swift */ = {isa = PBXFileReference; lastKnownFileType = sourcecode.swift; path = NameQuizStartView.swift; sourceTree = "<group>"; };
		BD79806026BECC4A00261004 /* NameQuizDataManager.swift */ = {isa = PBXFileReference; lastKnownFileType = sourcecode.swift; path = NameQuizDataManager.swift; sourceTree = "<group>"; };
		BD9E1F2026B4A8F900ADD891 /* ScoreManager.swift */ = {isa = PBXFileReference; lastKnownFileType = sourcecode.swift; path = ScoreManager.swift; sourceTree = "<group>"; };
		BDC817D326BB392900DD0B45 /* QuizColorPickView.swift */ = {isa = PBXFileReference; lastKnownFileType = sourcecode.swift; path = QuizColorPickView.swift; sourceTree = "<group>"; };
		BDC817D626BB3A3900DD0B45 /* QuizResultsStore.swift */ = {isa = PBXFileReference; lastKnownFileType = sourcecode.swift; path = QuizResultsStore.swift; sourceTree = "<group>"; };
		BDE58DF326BB27CF00387545 /* QuizButtons.swift */ = {isa = PBXFileReference; lastKnownFileType = sourcecode.swift; path = QuizButtons.swift; sourceTree = "<group>"; };
		BDEC05FF26B9DC9C0087833D /* FakeButtonsView.swift */ = {isa = PBXFileReference; lastKnownFileType = sourcecode.swift; path = FakeButtonsView.swift; sourceTree = "<group>"; };
		BDFAB12626AF653F00BF65CD /* TimerView.swift */ = {isa = PBXFileReference; lastKnownFileType = sourcecode.swift; path = TimerView.swift; sourceTree = "<group>"; };
		F125010E26A5819700B521F1 /* ColorConverter.swift */ = {isa = PBXFileReference; lastKnownFileType = sourcecode.swift; name = ColorConverter.swift; path = "Color Matching/Helpers/ColorConverter.swift"; sourceTree = SOURCE_ROOT; };
		F145D10626A44D500044476F /* CardAnimations.swift */ = {isa = PBXFileReference; lastKnownFileType = sourcecode.swift; path = CardAnimations.swift; sourceTree = "<group>"; };
		F1469CAD2698D8A1006A14BC /* MainMenuView.swift */ = {isa = PBXFileReference; lastKnownFileType = sourcecode.swift; path = MainMenuView.swift; sourceTree = "<group>"; };
		F14A3C33269B27B800B9A710 /* ColorModel.swift */ = {isa = PBXFileReference; lastKnownFileType = sourcecode.swift; path = ColorModel.swift; sourceTree = "<group>"; };
		F14A3C4A269B28FB00B9A710 /* DataHelper.swift */ = {isa = PBXFileReference; lastKnownFileType = sourcecode.swift; path = DataHelper.swift; sourceTree = "<group>"; };
		F169585126A9F89200E1E86A /* Math.swift */ = {isa = PBXFileReference; lastKnownFileType = sourcecode.swift; path = Math.swift; sourceTree = "<group>"; };
		F169585626AA0B3900E1E86A /* SimilarColorsView.swift */ = {isa = PBXFileReference; lastKnownFileType = sourcecode.swift; path = SimilarColorsView.swift; sourceTree = "<group>"; };
		F1758E6826A0DEB20035E6B5 /* LearnColorsView.swift */ = {isa = PBXFileReference; lastKnownFileType = sourcecode.swift; path = LearnColorsView.swift; sourceTree = "<group>"; };
		F1758E6D26A0DFA60035E6B5 /* ColorCardMinimalView.swift */ = {isa = PBXFileReference; lastKnownFileType = sourcecode.swift; path = ColorCardMinimalView.swift; sourceTree = "<group>"; };
		F1913CAF26AC7BAB006D8D19 /* NameQuizMainView.swift */ = {isa = PBXFileReference; lastKnownFileType = sourcecode.swift; path = NameQuizMainView.swift; sourceTree = "<group>"; };
		F197014826A6DF4800494B2F /* AnimationsTest.swift */ = {isa = PBXFileReference; lastKnownFileType = sourcecode.swift; path = AnimationsTest.swift; sourceTree = "<group>"; };
		F1A8428726A623DE0068A897 /* DefinedColors.swift */ = {isa = PBXFileReference; lastKnownFileType = sourcecode.swift; path = DefinedColors.swift; sourceTree = "<group>"; };
		F1B568D226A608B20008494D /* BackgroundView.swift */ = {isa = PBXFileReference; lastKnownFileType = sourcecode.swift; path = BackgroundView.swift; sourceTree = "<group>"; };
		F1C519D9269DE18C0096B9B4 /* ReadSizeExtension.swift */ = {isa = PBXFileReference; lastKnownFileType = sourcecode.swift; path = ReadSizeExtension.swift; sourceTree = "<group>"; };
		F1D22CA7269B89AE009D4BD2 /* SwipeView.swift */ = {isa = PBXFileReference; lastKnownFileType = sourcecode.swift; path = SwipeView.swift; sourceTree = "<group>"; };
		F1D22CAC269BA14A009D4BD2 /* ColorCardView.swift */ = {isa = PBXFileReference; lastKnownFileType = sourcecode.swift; path = ColorCardView.swift; sourceTree = "<group>"; };
		F1D656E626AB552B007BCDAE /* TransparentCardView.swift */ = {isa = PBXFileReference; lastKnownFileType = sourcecode.swift; path = TransparentCardView.swift; sourceTree = "<group>"; };
		F1D656EE26AB758A007BCDAE /* NameQuizView.swift */ = {isa = PBXFileReference; lastKnownFileType = sourcecode.swift; path = NameQuizView.swift; sourceTree = "<group>"; };
		F1E28E0526AB0D1200B62054 /* SimilarColorPicker.swift */ = {isa = PBXFileReference; lastKnownFileType = sourcecode.swift; path = SimilarColorPicker.swift; sourceTree = "<group>"; };
		F1E28E0A26AB0D6000B62054 /* ColorsPickerHelper.swift */ = {isa = PBXFileReference; lastKnownFileType = sourcecode.swift; path = ColorsPickerHelper.swift; sourceTree = "<group>"; };
		F1E28E1226AB128400B62054 /* Hardness.swift */ = {isa = PBXFileReference; lastKnownFileType = sourcecode.swift; path = Hardness.swift; sourceTree = "<group>"; };
		F1F3757726A75D4700FBA06A /* GameHelpers.swift */ = {isa = PBXFileReference; lastKnownFileType = sourcecode.swift; path = GameHelpers.swift; sourceTree = "<group>"; };
/* End PBXFileReference section */

/* Begin PBXFrameworksBuildPhase section */
		BD3CF1252692F07700FF0D68 /* Frameworks */ = {
			isa = PBXFrameworksBuildPhase;
			buildActionMask = 2147483647;
			files = (
			);
			runOnlyForDeploymentPostprocessing = 0;
		};
/* End PBXFrameworksBuildPhase section */

/* Begin PBXGroup section */
		BD215CD626B5547300B1D493 /* Menu */ = {
			isa = PBXGroup;
			children = (
				BD6C17B226B5610E00C28F20 /* Stats */,
				F1469CAD2698D8A1006A14BC /* MainMenuView.swift */,
				BD142D7726B36E9300CB5F2C /* MenuButtonView.swift */,
			);
			path = Menu;
			sourceTree = "<group>";
		};
		BD215CD726B5548300B1D493 /* GamesView */ = {
			isa = PBXGroup;
			children = (
				BD65930926B6A3FB004E27C4 /* QuizResultsView.swift */,
				BDC817D326BB392900DD0B45 /* QuizColorPickView.swift */,
				F1758E6826A0DEB20035E6B5 /* LearnColorsView.swift */,
				BD279F9526BC7FE5005C8E3D /* ColorQuiz */,
				BD6EC87626B9CD35001B563E /* NameQuiz */,
				BD215CDA26B554EA00B1D493 /* Elements */,
			);
			path = GamesView;
			sourceTree = "<group>";
		};
		BD215CD826B554A800B1D493 /* Cards */ = {
			isa = PBXGroup;
			children = (
				F1D22CAC269BA14A009D4BD2 /* ColorCardView.swift */,
				F1758E6D26A0DFA60035E6B5 /* ColorCardMinimalView.swift */,
				F1D656E626AB552B007BCDAE /* TransparentCardView.swift */,
				BD6D1F4F26BDE33300CF34BF /* PetalView.swift */,
				BD09136026BD1CA00082386C /* PetalTestView.swift */,
			);
			path = Cards;
			sourceTree = "<group>";
		};
		BD215CD926B554C000B1D493 /* Helpers */ = {
			isa = PBXGroup;
			children = (
				F169585626AA0B3900E1E86A /* SimilarColorsView.swift */,
			);
			path = Helpers;
			sourceTree = "<group>";
		};
		BD215CDA26B554EA00B1D493 /* Elements */ = {
			isa = PBXGroup;
			children = (
				F1D22CA7269B89AE009D4BD2 /* SwipeView.swift */,
				BDEC05FF26B9DC9C0087833D /* FakeButtonsView.swift */,
				BDE58DF326BB27CF00387545 /* QuizButtons.swift */,
				BD3A3F1726B5C680006C8CDC /* BackButtonView.swift */,
				BD2E41E126B5415900D19D50 /* ScorePointView.swift */,
				BDFAB12626AF653F00BF65CD /* TimerView.swift */,
				F1B568D226A608B20008494D /* BackgroundView.swift */,
				BD6D1F5226BDE49C00CF34BF /* BackgroundView2.swift */,
			);
			path = Elements;
			sourceTree = "<group>";
		};
		BD279F9526BC7FE5005C8E3D /* ColorQuiz */ = {
			isa = PBXGroup;
			children = (
				BD279F9626BC800D005C8E3D /* ColorQuizMainView.swift */,
				BD3DB4BD26BF25F600763AAA /* ColorQuizStartView.swift */,
				BD279F9A26BC805F005C8E3D /* ColorQuizView.swift */,
			);
			path = ColorQuiz;
			sourceTree = "<group>";
		};
		BD2978E02697C45600F19AEF /* Views */ = {
			isa = PBXGroup;
			children = (
				BD215CD926B554C000B1D493 /* Helpers */,
				BD215CD826B554A800B1D493 /* Cards */,
				BD215CD726B5548300B1D493 /* GamesView */,
				BD215CD626B5547300B1D493 /* Menu */,
			);
			path = Views;
			sourceTree = "<group>";
		};
		BD2978E82697C47000F19AEF /* Data */ = {
			isa = PBXGroup;
			children = (
				BD6C17B626B5755500C28F20 /* CoreDataManager.swift */,
				BD59631226BECB3500E404FC /* ColorQuizDataManager.swift */,
				BD79806026BECC4A00261004 /* NameQuizDataManager.swift */,
				BD2978EA2697C4B100F19AEF /* colorsData.json */,
			);
			path = Data;
			sourceTree = "<group>";
		};
		BD3CF11F2692F07600FF0D68 = {
			isa = PBXGroup;
			children = (
				BD3CF12A2692F07700FF0D68 /* Color Matching */,
				BD3CF1412692F07A00FF0D68 /* Color MatchingTests */,
				BD3CF14C2692F07A00FF0D68 /* Color MatchingUITests */,
				BD3CF1292692F07700FF0D68 /* Products */,
			);
			sourceTree = "<group>";
		};
		BD3CF1292692F07700FF0D68 /* Products */ = {
			isa = PBXGroup;
			children = (
				BD3CF1282692F07700FF0D68 /* HueQueue.app */,
			);
			name = Products;
			sourceTree = "<group>";
		};
		BD3CF12A2692F07700FF0D68 /* Color Matching */ = {
			isa = PBXGroup;
			children = (
				F1C519D8269DE1730096B9B4 /* Helpers */,
				F145D0FC26A446A30044476F /* Logic */,
				BD2978E82697C47000F19AEF /* Data */,
				F14A3C52269B292A00B9A710 /* Model */,
				BD3DB4A926BED63600763AAA /* Effects */,
				F1461DB426A82F880082C886 /* Animations */,
				BD2978E02697C45600F19AEF /* Views */,
				BD3CF12B2692F07700FF0D68 /* Color_MatchingApp.swift */,
				BD3CF12F2692F07900FF0D68 /* Assets.xcassets */,
				BD3CF1342692F07900FF0D68 /* Persistence.swift */,
				BD3CF1392692F07900FF0D68 /* Info.plist */,
				BD3CF1362692F07900FF0D68 /* Color_Matching.xcdatamodeld */,
				BD3CF1312692F07900FF0D68 /* Preview Content */,
			);
			path = "Color Matching";
			sourceTree = "<group>";
		};
		BD3CF1312692F07900FF0D68 /* Preview Content */ = {
			isa = PBXGroup;
			children = (
				BD3CF1322692F07900FF0D68 /* Preview Assets.xcassets */,
			);
			path = "Preview Content";
			sourceTree = "<group>";
		};
		BD3CF1412692F07A00FF0D68 /* Color MatchingTests */ = {
			isa = PBXGroup;
			children = (
				BD3CF1422692F07A00FF0D68 /* Color_MatchingTests.swift */,
				BD3CF1442692F07A00FF0D68 /* Info.plist */,
			);
			path = "Color MatchingTests";
			sourceTree = "<group>";
		};
		BD3CF14C2692F07A00FF0D68 /* Color MatchingUITests */ = {
			isa = PBXGroup;
			children = (
				BD3CF14D2692F07A00FF0D68 /* Color_MatchingUITests.swift */,
				BD3CF14F2692F07A00FF0D68 /* Info.plist */,
			);
			path = "Color MatchingUITests";
			sourceTree = "<group>";
		};
		BD3DB4A926BED63600763AAA /* Effects */ = {
			isa = PBXGroup;
			children = (
				BD3DB4AA26BED66500763AAA /* OuterGlow.swift */,
			);
			path = Effects;
			sourceTree = "<group>";
		};
		BD6C17B226B5610E00C28F20 /* Stats */ = {
			isa = PBXGroup;
			children = (
				BD215CD126B5546A00B1D493 /* StatsView.swift */,
				BD6C17A826B55E7D00C28F20 /* StatItemView.swift */,
				BD6C17AD26B5605100C28F20 /* StatCaptionView.swift */,
			);
			path = Stats;
			sourceTree = "<group>";
		};
		BD6EC87626B9CD35001B563E /* NameQuiz */ = {
			isa = PBXGroup;
			children = (
				BD6EC87126B9CAAF001B563E /* NameQuizStartView.swift */,
				F1913CAF26AC7BAB006D8D19 /* NameQuizMainView.swift */,
				F1D656EE26AB758A007BCDAE /* NameQuizView.swift */,
			);
			path = NameQuiz;
			sourceTree = "<group>";
		};
		F145D0FC26A446A30044476F /* Logic */ = {
			isa = PBXGroup;
			children = (
				F1E28E1226AB128400B62054 /* Hardness.swift */,
				BD3FB45526B1F84500BA5F3B /* NameQuizState.swift */,
				BD59630D26BEB12900E404FC /* ColorQuizState.swift */,
				BD3FB45A26B1FF9600BA5F3B /* LearnAndQuizState.swift */,
				BDC817D626BB3A3900DD0B45 /* QuizResultsStore.swift */,
			);
			path = Logic;
			sourceTree = "<group>";
		};
		F1461DB426A82F880082C886 /* Animations */ = {
			isa = PBXGroup;
			children = (
				F197014826A6DF4800494B2F /* AnimationsTest.swift */,
				F145D10626A44D500044476F /* CardAnimations.swift */,
				BD3DB4AF26BEE0E200763AAA /* RollingAnimation.swift */,
			);
			path = Animations;
			sourceTree = "<group>";
		};
		F14A3C52269B292A00B9A710 /* Model */ = {
			isa = PBXGroup;
			children = (
				F14A3C33269B27B800B9A710 /* ColorModel.swift */,
				F14A3C4A269B28FB00B9A710 /* DataHelper.swift */,
				F1A8428726A623DE0068A897 /* DefinedColors.swift */,
				BD9E1F2026B4A8F900ADD891 /* ScoreManager.swift */,
			);
			path = Model;
			sourceTree = "<group>";
		};
		F1C519D8269DE1730096B9B4 /* Helpers */ = {
			isa = PBXGroup;
			children = (
				BD3FB45026B1F25700BA5F3B /* TimerHelper.swift */,
				F1E28E0526AB0D1200B62054 /* SimilarColorPicker.swift */,
				F1E28E0A26AB0D6000B62054 /* ColorsPickerHelper.swift */,
				F1C519D9269DE18C0096B9B4 /* ReadSizeExtension.swift */,
				F1F3757726A75D4700FBA06A /* GameHelpers.swift */,
				F169585126A9F89200E1E86A /* Math.swift */,
				F125010E26A5819700B521F1 /* ColorConverter.swift */,
			);
			path = Helpers;
			sourceTree = "<group>";
		};
/* End PBXGroup section */

/* Begin PBXNativeTarget section */
		BD3CF1272692F07700FF0D68 /* HueQueue */ = {
			isa = PBXNativeTarget;
			buildConfigurationList = BD3CF1522692F07A00FF0D68 /* Build configuration list for PBXNativeTarget "HueQueue" */;
			buildPhases = (
				BD3CF1242692F07700FF0D68 /* Sources */,
				BD3CF1252692F07700FF0D68 /* Frameworks */,
				BD3CF1262692F07700FF0D68 /* Resources */,
			);
			buildRules = (
			);
			dependencies = (
			);
			name = HueQueue;
			productName = "Color Matching";
			productReference = BD3CF1282692F07700FF0D68 /* HueQueue.app */;
			productType = "com.apple.product-type.application";
		};
/* End PBXNativeTarget section */

/* Begin PBXProject section */
		BD3CF1202692F07600FF0D68 /* Project object */ = {
			isa = PBXProject;
			attributes = {
				LastSwiftUpdateCheck = 1240;
				LastUpgradeCheck = 1240;
				TargetAttributes = {
					BD3CF1272692F07700FF0D68 = {
						CreatedOnToolsVersion = 12.4;
					};
				};
			};
			buildConfigurationList = BD3CF1232692F07600FF0D68 /* Build configuration list for PBXProject "Color Matching" */;
			compatibilityVersion = "Xcode 9.3";
			developmentRegion = en;
			hasScannedForEncodings = 0;
			knownRegions = (
				en,
				Base,
				ru,
			);
			mainGroup = BD3CF11F2692F07600FF0D68;
			productRefGroup = BD3CF1292692F07700FF0D68 /* Products */;
			projectDirPath = "";
			projectRoot = "";
			targets = (
				BD3CF1272692F07700FF0D68 /* HueQueue */,
			);
		};
/* End PBXProject section */

/* Begin PBXResourcesBuildPhase section */
		BD3CF1262692F07700FF0D68 /* Resources */ = {
			isa = PBXResourcesBuildPhase;
			buildActionMask = 2147483647;
			files = (
				BD2978EB2697C4B100F19AEF /* colorsData.json in Resources */,
				BD3CF1332692F07900FF0D68 /* Preview Assets.xcassets in Resources */,
				BD3CF1302692F07900FF0D68 /* Assets.xcassets in Resources */,
			);
			runOnlyForDeploymentPostprocessing = 0;
		};
/* End PBXResourcesBuildPhase section */

/* Begin PBXSourcesBuildPhase section */
		BD3CF1242692F07700FF0D68 /* Sources */ = {
			isa = PBXSourcesBuildPhase;
			buildActionMask = 2147483647;
			files = (
				F1B568D326A608B20008494D /* BackgroundView.swift in Sources */,
				BD6C17A926B55E7D00C28F20 /* StatItemView.swift in Sources */,
				BD79806126BECC4A00261004 /* NameQuizDataManager.swift in Sources */,
				F14A3C4B269B28FB00B9A710 /* DataHelper.swift in Sources */,
				BD279F9B26BC805F005C8E3D /* ColorQuizView.swift in Sources */,
				BD142D7826B36E9300CB5F2C /* MenuButtonView.swift in Sources */,
				BD3DB4AB26BED66500763AAA /* OuterGlow.swift in Sources */,
				F1E28E0626AB0D1200B62054 /* SimilarColorPicker.swift in Sources */,
				F1758E6E26A0DFA60035E6B5 /* ColorCardMinimalView.swift in Sources */,
				BD3CF1382692F07900FF0D68 /* Color_Matching.xcdatamodeld in Sources */,
				BD6D1F5326BDE49C00CF34BF /* BackgroundView2.swift in Sources */,
				BD3FB45126B1F25700BA5F3B /* TimerHelper.swift in Sources */,
				BD6D1F5026BDE33300CF34BF /* PetalView.swift in Sources */,
				BDE58DF426BB27CF00387545 /* QuizButtons.swift in Sources */,
				F1D22CAD269BA14A009D4BD2 /* ColorCardView.swift in Sources */,
				BDEC060026B9DC9C0087833D /* FakeButtonsView.swift in Sources */,
				BD59630E26BEB12900E404FC /* ColorQuizState.swift in Sources */,
				BDC817D726BB3A3900DD0B45 /* QuizResultsStore.swift in Sources */,
				BD6C17AE26B5605100C28F20 /* StatCaptionView.swift in Sources */,
				BD6C17B726B5755500C28F20 /* CoreDataManager.swift in Sources */,
				F169585726AA0B3900E1E86A /* SimilarColorsView.swift in Sources */,
				F197014926A6DF4800494B2F /* AnimationsTest.swift in Sources */,
				BD59631326BECB3500E404FC /* ColorQuizDataManager.swift in Sources */,
				BD3CF1352692F07900FF0D68 /* Persistence.swift in Sources */,
				BD215CD226B5546A00B1D493 /* StatsView.swift in Sources */,
				BDFAB12726AF653F00BF65CD /* TimerView.swift in Sources */,
				BD9E1F2126B4A8F900ADD891 /* ScoreManager.swift in Sources */,
				F1D22CA8269B89AE009D4BD2 /* SwipeView.swift in Sources */,
				F1758E6926A0DEB20035E6B5 /* LearnColorsView.swift in Sources */,
				BD3A3F1826B5C680006C8CDC /* BackButtonView.swift in Sources */,
				F1D656E726AB552B007BCDAE /* TransparentCardView.swift in Sources */,
				BD2E41E226B5415900D19D50 /* ScorePointView.swift in Sources */,
				F1E28E0B26AB0D6000B62054 /* ColorsPickerHelper.swift in Sources */,
				BD3FB45B26B1FF9600BA5F3B /* LearnAndQuizState.swift in Sources */,
				F1469CAE2698D8A1006A14BC /* MainMenuView.swift in Sources */,
				BD3FB45626B1F84500BA5F3B /* NameQuizState.swift in Sources */,
				F1C519DA269DE18C0096B9B4 /* ReadSizeExtension.swift in Sources */,
				BD3DB4B026BEE0E200763AAA /* RollingAnimation.swift in Sources */,
				BD3DB4BE26BF25F600763AAA /* ColorQuizStartView.swift in Sources */,
				BD09136126BD1CA00082386C /* PetalTestView.swift in Sources */,
				F1D656EF26AB758A007BCDAE /* NameQuizView.swift in Sources */,
				F1F3757826A75D4700FBA06A /* GameHelpers.swift in Sources */,
				BD6EC87226B9CAAF001B563E /* NameQuizStartView.swift in Sources */,
				BD279F9726BC800D005C8E3D /* ColorQuizMainView.swift in Sources */,
				BDC817D426BB392900DD0B45 /* QuizColorPickView.swift in Sources */,
				F1E28E1326AB128400B62054 /* Hardness.swift in Sources */,
				BD65930A26B6A3FB004E27C4 /* QuizResultsView.swift in Sources */,
				F125010F26A5819700B521F1 /* ColorConverter.swift in Sources */,
				F169585226A9F89200E1E86A /* Math.swift in Sources */,
				F145D10726A44D500044476F /* CardAnimations.swift in Sources */,
				BD3CF12C2692F07700FF0D68 /* Color_MatchingApp.swift in Sources */,
				F14A3C34269B27B800B9A710 /* ColorModel.swift in Sources */,
				F1913CB026AC7BAB006D8D19 /* NameQuizMainView.swift in Sources */,
				F1A8428826A623DE0068A897 /* DefinedColors.swift in Sources */,
			);
			runOnlyForDeploymentPostprocessing = 0;
		};
/* End PBXSourcesBuildPhase section */

/* Begin XCBuildConfiguration section */
		BD3CF1502692F07A00FF0D68 /* Debug */ = {
			isa = XCBuildConfiguration;
			buildSettings = {
				ALWAYS_SEARCH_USER_PATHS = NO;
				CLANG_ANALYZER_NONNULL = YES;
				CLANG_ANALYZER_NUMBER_OBJECT_CONVERSION = YES_AGGRESSIVE;
				CLANG_CXX_LANGUAGE_STANDARD = "gnu++14";
				CLANG_CXX_LIBRARY = "libc++";
				CLANG_ENABLE_MODULES = YES;
				CLANG_ENABLE_OBJC_ARC = YES;
				CLANG_ENABLE_OBJC_WEAK = YES;
				CLANG_WARN_BLOCK_CAPTURE_AUTORELEASING = YES;
				CLANG_WARN_BOOL_CONVERSION = YES;
				CLANG_WARN_COMMA = YES;
				CLANG_WARN_CONSTANT_CONVERSION = YES;
				CLANG_WARN_DEPRECATED_OBJC_IMPLEMENTATIONS = YES;
				CLANG_WARN_DIRECT_OBJC_ISA_USAGE = YES_ERROR;
				CLANG_WARN_DOCUMENTATION_COMMENTS = YES;
				CLANG_WARN_EMPTY_BODY = YES;
				CLANG_WARN_ENUM_CONVERSION = YES;
				CLANG_WARN_INFINITE_RECURSION = YES;
				CLANG_WARN_INT_CONVERSION = YES;
				CLANG_WARN_NON_LITERAL_NULL_CONVERSION = YES;
				CLANG_WARN_OBJC_IMPLICIT_RETAIN_SELF = YES;
				CLANG_WARN_OBJC_LITERAL_CONVERSION = YES;
				CLANG_WARN_OBJC_ROOT_CLASS = YES_ERROR;
				CLANG_WARN_QUOTED_INCLUDE_IN_FRAMEWORK_HEADER = YES;
				CLANG_WARN_RANGE_LOOP_ANALYSIS = YES;
				CLANG_WARN_STRICT_PROTOTYPES = YES;
				CLANG_WARN_SUSPICIOUS_MOVE = YES;
				CLANG_WARN_UNGUARDED_AVAILABILITY = YES_AGGRESSIVE;
				CLANG_WARN_UNREACHABLE_CODE = YES;
				CLANG_WARN__DUPLICATE_METHOD_MATCH = YES;
				COPY_PHASE_STRIP = NO;
				DEBUG_INFORMATION_FORMAT = dwarf;
				ENABLE_STRICT_OBJC_MSGSEND = YES;
				ENABLE_TESTABILITY = YES;
				GCC_C_LANGUAGE_STANDARD = gnu11;
				GCC_DYNAMIC_NO_PIC = NO;
				GCC_NO_COMMON_BLOCKS = YES;
				GCC_OPTIMIZATION_LEVEL = 0;
				GCC_PREPROCESSOR_DEFINITIONS = (
					"DEBUG=1",
					"$(inherited)",
				);
				GCC_WARN_64_TO_32_BIT_CONVERSION = YES;
				GCC_WARN_ABOUT_RETURN_TYPE = YES_ERROR;
				GCC_WARN_UNDECLARED_SELECTOR = YES;
				GCC_WARN_UNINITIALIZED_AUTOS = YES_AGGRESSIVE;
				GCC_WARN_UNUSED_FUNCTION = YES;
				GCC_WARN_UNUSED_VARIABLE = YES;
				IPHONEOS_DEPLOYMENT_TARGET = 14.4;
				MTL_ENABLE_DEBUG_INFO = INCLUDE_SOURCE;
				MTL_FAST_MATH = YES;
				ONLY_ACTIVE_ARCH = YES;
				SDKROOT = iphoneos;
				SWIFT_ACTIVE_COMPILATION_CONDITIONS = DEBUG;
				SWIFT_OPTIMIZATION_LEVEL = "-Onone";
			};
			name = Debug;
		};
		BD3CF1512692F07A00FF0D68 /* Release */ = {
			isa = XCBuildConfiguration;
			buildSettings = {
				ALWAYS_SEARCH_USER_PATHS = NO;
				CLANG_ANALYZER_NONNULL = YES;
				CLANG_ANALYZER_NUMBER_OBJECT_CONVERSION = YES_AGGRESSIVE;
				CLANG_CXX_LANGUAGE_STANDARD = "gnu++14";
				CLANG_CXX_LIBRARY = "libc++";
				CLANG_ENABLE_MODULES = YES;
				CLANG_ENABLE_OBJC_ARC = YES;
				CLANG_ENABLE_OBJC_WEAK = YES;
				CLANG_WARN_BLOCK_CAPTURE_AUTORELEASING = YES;
				CLANG_WARN_BOOL_CONVERSION = YES;
				CLANG_WARN_COMMA = YES;
				CLANG_WARN_CONSTANT_CONVERSION = YES;
				CLANG_WARN_DEPRECATED_OBJC_IMPLEMENTATIONS = YES;
				CLANG_WARN_DIRECT_OBJC_ISA_USAGE = YES_ERROR;
				CLANG_WARN_DOCUMENTATION_COMMENTS = YES;
				CLANG_WARN_EMPTY_BODY = YES;
				CLANG_WARN_ENUM_CONVERSION = YES;
				CLANG_WARN_INFINITE_RECURSION = YES;
				CLANG_WARN_INT_CONVERSION = YES;
				CLANG_WARN_NON_LITERAL_NULL_CONVERSION = YES;
				CLANG_WARN_OBJC_IMPLICIT_RETAIN_SELF = YES;
				CLANG_WARN_OBJC_LITERAL_CONVERSION = YES;
				CLANG_WARN_OBJC_ROOT_CLASS = YES_ERROR;
				CLANG_WARN_QUOTED_INCLUDE_IN_FRAMEWORK_HEADER = YES;
				CLANG_WARN_RANGE_LOOP_ANALYSIS = YES;
				CLANG_WARN_STRICT_PROTOTYPES = YES;
				CLANG_WARN_SUSPICIOUS_MOVE = YES;
				CLANG_WARN_UNGUARDED_AVAILABILITY = YES_AGGRESSIVE;
				CLANG_WARN_UNREACHABLE_CODE = YES;
				CLANG_WARN__DUPLICATE_METHOD_MATCH = YES;
				COPY_PHASE_STRIP = NO;
				DEBUG_INFORMATION_FORMAT = "dwarf-with-dsym";
				ENABLE_NS_ASSERTIONS = NO;
				ENABLE_STRICT_OBJC_MSGSEND = YES;
				GCC_C_LANGUAGE_STANDARD = gnu11;
				GCC_NO_COMMON_BLOCKS = YES;
				GCC_WARN_64_TO_32_BIT_CONVERSION = YES;
				GCC_WARN_ABOUT_RETURN_TYPE = YES_ERROR;
				GCC_WARN_UNDECLARED_SELECTOR = YES;
				GCC_WARN_UNINITIALIZED_AUTOS = YES_AGGRESSIVE;
				GCC_WARN_UNUSED_FUNCTION = YES;
				GCC_WARN_UNUSED_VARIABLE = YES;
				IPHONEOS_DEPLOYMENT_TARGET = 14.4;
				MTL_ENABLE_DEBUG_INFO = NO;
				MTL_FAST_MATH = YES;
				SDKROOT = iphoneos;
				SWIFT_COMPILATION_MODE = wholemodule;
				SWIFT_OPTIMIZATION_LEVEL = "-O";
				VALIDATE_PRODUCT = YES;
			};
			name = Release;
		};
		BD3CF1532692F07A00FF0D68 /* Debug */ = {
			isa = XCBuildConfiguration;
			buildSettings = {
				ASSETCATALOG_COMPILER_APPICON_NAME = AppIcon;
				ASSETCATALOG_COMPILER_GLOBAL_ACCENT_COLOR_NAME = AccentColor;
				CODE_SIGN_STYLE = Automatic;
				CURRENT_PROJECT_VERSION = 6;
				DEVELOPMENT_ASSET_PATHS = "\"Color Matching/Preview Content\"";
				DEVELOPMENT_TEAM = 9942MC6727;
				ENABLE_PREVIEWS = YES;
				INFOPLIST_FILE = "Color Matching/Info.plist";
				IPHONEOS_DEPLOYMENT_TARGET = 14.0;
				LD_RUNPATH_SEARCH_PATHS = (
					"$(inherited)",
					"@executable_path/Frameworks",
				);
				MARKETING_VERSION = 0.7;
				PRODUCT_BUNDLE_IDENTIFIER = "com.alex-n-dave.color-matching";
				PRODUCT_NAME = "$(TARGET_NAME)";
				SWIFT_VERSION = 5.0;
				TARGETED_DEVICE_FAMILY = 1;
			};
			name = Debug;
		};
		BD3CF1542692F07A00FF0D68 /* Release */ = {
			isa = XCBuildConfiguration;
			buildSettings = {
				ASSETCATALOG_COMPILER_APPICON_NAME = AppIcon;
				ASSETCATALOG_COMPILER_GLOBAL_ACCENT_COLOR_NAME = AccentColor;
				CODE_SIGN_STYLE = Automatic;
				CURRENT_PROJECT_VERSION = 6;
				DEVELOPMENT_ASSET_PATHS = "\"Color Matching/Preview Content\"";
				DEVELOPMENT_TEAM = 9942MC6727;
				ENABLE_PREVIEWS = YES;
				INFOPLIST_FILE = "Color Matching/Info.plist";
				IPHONEOS_DEPLOYMENT_TARGET = 14.0;
				LD_RUNPATH_SEARCH_PATHS = (
					"$(inherited)",
					"@executable_path/Frameworks",
				);
				MARKETING_VERSION = 0.7;
				PRODUCT_BUNDLE_IDENTIFIER = "com.alex-n-dave.color-matching";
				PRODUCT_NAME = "$(TARGET_NAME)";
				SWIFT_VERSION = 5.0;
				TARGETED_DEVICE_FAMILY = 1;
			};
			name = Release;
		};
/* End XCBuildConfiguration section */

/* Begin XCConfigurationList section */
		BD3CF1232692F07600FF0D68 /* Build configuration list for PBXProject "Color Matching" */ = {
			isa = XCConfigurationList;
			buildConfigurations = (
				BD3CF1502692F07A00FF0D68 /* Debug */,
				BD3CF1512692F07A00FF0D68 /* Release */,
			);
			defaultConfigurationIsVisible = 0;
			defaultConfigurationName = Release;
		};
		BD3CF1522692F07A00FF0D68 /* Build configuration list for PBXNativeTarget "HueQueue" */ = {
			isa = XCConfigurationList;
			buildConfigurations = (
				BD3CF1532692F07A00FF0D68 /* Debug */,
				BD3CF1542692F07A00FF0D68 /* Release */,
			);
			defaultConfigurationIsVisible = 0;
			defaultConfigurationName = Release;
		};
/* End XCConfigurationList section */

/* Begin XCVersionGroup section */
		BD3CF1362692F07900FF0D68 /* Color_Matching.xcdatamodeld */ = {
			isa = XCVersionGroup;
			children = (
				BD3CF1372692F07900FF0D68 /* Color_Matching.xcdatamodel */,
			);
			currentVersion = BD3CF1372692F07900FF0D68 /* Color_Matching.xcdatamodel */;
			path = Color_Matching.xcdatamodeld;
			sourceTree = "<group>";
			versionGroupType = wrapper.xcdatamodel;
		};
/* End XCVersionGroup section */
	};
	rootObject = BD3CF1202692F07600FF0D68 /* Project object */;
}
