// !$*UTF8*$!
{
	archiveVersion = 1;
	classes = {
	};
	objectVersion = 50;
	objects = {

/* Begin PBXBuildFile section */
		BD142D7826B36E9300CB5F2C /* MenuButtonView.swift in Sources */ = {isa = PBXBuildFile; fileRef = BD142D7726B36E9300CB5F2C /* MenuButtonView.swift */; };
		BD215CD226B5546A00B1D493 /* StatsView.swift in Sources */ = {isa = PBXBuildFile; fileRef = BD215CD126B5546A00B1D493 /* StatsView.swift */; };
		BD2978EB2697C4B100F19AEF /* colorsData.json in Resources */ = {isa = PBXBuildFile; fileRef = BD2978EA2697C4B100F19AEF /* colorsData.json */; };
		BD2E41E226B5415900D19D50 /* ScorePointView.swift in Sources */ = {isa = PBXBuildFile; fileRef = BD2E41E126B5415900D19D50 /* ScorePointView.swift */; };
		BD3CF12C2692F07700FF0D68 /* Color_MatchingApp.swift in Sources */ = {isa = PBXBuildFile; fileRef = BD3CF12B2692F07700FF0D68 /* Color_MatchingApp.swift */; };
		BD3CF1302692F07900FF0D68 /* Assets.xcassets in Resources */ = {isa = PBXBuildFile; fileRef = BD3CF12F2692F07900FF0D68 /* Assets.xcassets */; };
		BD3CF1332692F07900FF0D68 /* Preview Assets.xcassets in Resources */ = {isa = PBXBuildFile; fileRef = BD3CF1322692F07900FF0D68 /* Preview Assets.xcassets */; };
		BD3CF1352692F07900FF0D68 /* Persistence.swift in Sources */ = {isa = PBXBuildFile; fileRef = BD3CF1342692F07900FF0D68 /* Persistence.swift */; };
		BD3CF1382692F07900FF0D68 /* Color_Matching.xcdatamodeld in Sources */ = {isa = PBXBuildFile; fileRef = BD3CF1362692F07900FF0D68 /* Color_Matching.xcdatamodeld */; };
		BD3CF1432692F07A00FF0D68 /* Color_MatchingTests.swift in Sources */ = {isa = PBXBuildFile; fileRef = BD3CF1422692F07A00FF0D68 /* Color_MatchingTests.swift */; };
		BD3CF14E2692F07A00FF0D68 /* Color_MatchingUITests.swift in Sources */ = {isa = PBXBuildFile; fileRef = BD3CF14D2692F07A00FF0D68 /* Color_MatchingUITests.swift */; };
		BD3FB45126B1F25700BA5F3B /* TimerHelper.swift in Sources */ = {isa = PBXBuildFile; fileRef = BD3FB45026B1F25700BA5F3B /* TimerHelper.swift */; };
		BD3FB45626B1F84500BA5F3B /* QuizState.swift in Sources */ = {isa = PBXBuildFile; fileRef = BD3FB45526B1F84500BA5F3B /* QuizState.swift */; };
		BD3FB45B26B1FF9600BA5F3B /* LearnAndQuizState.swift in Sources */ = {isa = PBXBuildFile; fileRef = BD3FB45A26B1FF9600BA5F3B /* LearnAndQuizState.swift */; };
		BD9E1F2126B4A8F900ADD891 /* ScoreManager.swift in Sources */ = {isa = PBXBuildFile; fileRef = BD9E1F2026B4A8F900ADD891 /* ScoreManager.swift */; };
		BDFAB12726AF653F00BF65CD /* TimerView.swift in Sources */ = {isa = PBXBuildFile; fileRef = BDFAB12626AF653F00BF65CD /* TimerView.swift */; };
		F125010F26A5819700B521F1 /* ColorConverter.swift in Sources */ = {isa = PBXBuildFile; fileRef = F125010E26A5819700B521F1 /* ColorConverter.swift */; };
		F145D10726A44D500044476F /* CardAnimations.swift in Sources */ = {isa = PBXBuildFile; fileRef = F145D10626A44D500044476F /* CardAnimations.swift */; };
		F1469CAE2698D8A1006A14BC /* MainMenuView.swift in Sources */ = {isa = PBXBuildFile; fileRef = F1469CAD2698D8A1006A14BC /* MainMenuView.swift */; };
		F14A3C34269B27B800B9A710 /* ColorModel.swift in Sources */ = {isa = PBXBuildFile; fileRef = F14A3C33269B27B800B9A710 /* ColorModel.swift */; };
		F14A3C4B269B28FB00B9A710 /* DataHelper.swift in Sources */ = {isa = PBXBuildFile; fileRef = F14A3C4A269B28FB00B9A710 /* DataHelper.swift */; };
		F169585226A9F89200E1E86A /* Math.swift in Sources */ = {isa = PBXBuildFile; fileRef = F169585126A9F89200E1E86A /* Math.swift */; };
		F169585726AA0B3900E1E86A /* SimilarColorsView.swift in Sources */ = {isa = PBXBuildFile; fileRef = F169585626AA0B3900E1E86A /* SimilarColorsView.swift */; };
		F1758E6926A0DEB20035E6B5 /* LearnDeckView.swift in Sources */ = {isa = PBXBuildFile; fileRef = F1758E6826A0DEB20035E6B5 /* LearnDeckView.swift */; };
		F1758E6E26A0DFA60035E6B5 /* ColorCardMinimalView.swift in Sources */ = {isa = PBXBuildFile; fileRef = F1758E6D26A0DFA60035E6B5 /* ColorCardMinimalView.swift */; };
		F1913CB026AC7BAB006D8D19 /* LearnAndQuizView.swift in Sources */ = {isa = PBXBuildFile; fileRef = F1913CAF26AC7BAB006D8D19 /* LearnAndQuizView.swift */; };
		F197014926A6DF4800494B2F /* AnimationsTest.swift in Sources */ = {isa = PBXBuildFile; fileRef = F197014826A6DF4800494B2F /* AnimationsTest.swift */; };
		F1A8428826A623DE0068A897 /* DefinedColors.swift in Sources */ = {isa = PBXBuildFile; fileRef = F1A8428726A623DE0068A897 /* DefinedColors.swift */; };
		F1B568D326A608B20008494D /* BackgroundView.swift in Sources */ = {isa = PBXBuildFile; fileRef = F1B568D226A608B20008494D /* BackgroundView.swift */; };
		F1C519DA269DE18C0096B9B4 /* ReadSizeExtension.swift in Sources */ = {isa = PBXBuildFile; fileRef = F1C519D9269DE18C0096B9B4 /* ReadSizeExtension.swift */; };
		F1D22CA8269B89AE009D4BD2 /* SwipeView.swift in Sources */ = {isa = PBXBuildFile; fileRef = F1D22CA7269B89AE009D4BD2 /* SwipeView.swift */; };
		F1D22CAD269BA14A009D4BD2 /* ColorCardView.swift in Sources */ = {isa = PBXBuildFile; fileRef = F1D22CAC269BA14A009D4BD2 /* ColorCardView.swift */; };
		F1D656E726AB552B007BCDAE /* TransparentCardView.swift in Sources */ = {isa = PBXBuildFile; fileRef = F1D656E626AB552B007BCDAE /* TransparentCardView.swift */; };
		F1D656EF26AB758A007BCDAE /* QuizGameView.swift in Sources */ = {isa = PBXBuildFile; fileRef = F1D656EE26AB758A007BCDAE /* QuizGameView.swift */; };
		F1E28E0626AB0D1200B62054 /* SimilarColorPicker.swift in Sources */ = {isa = PBXBuildFile; fileRef = F1E28E0526AB0D1200B62054 /* SimilarColorPicker.swift */; };
		F1E28E0B26AB0D6000B62054 /* ColorsPickerHelper.swift in Sources */ = {isa = PBXBuildFile; fileRef = F1E28E0A26AB0D6000B62054 /* ColorsPickerHelper.swift */; };
		F1E28E1326AB128400B62054 /* Hardness.swift in Sources */ = {isa = PBXBuildFile; fileRef = F1E28E1226AB128400B62054 /* Hardness.swift */; };
		F1F3757826A75D4700FBA06A /* GameHelpers.swift in Sources */ = {isa = PBXBuildFile; fileRef = F1F3757726A75D4700FBA06A /* GameHelpers.swift */; };
/* End PBXBuildFile section */

/* Begin PBXContainerItemProxy section */
		BD3CF13F2692F07A00FF0D68 /* PBXContainerItemProxy */ = {
			isa = PBXContainerItemProxy;
			containerPortal = BD3CF1202692F07600FF0D68 /* Project object */;
			proxyType = 1;
			remoteGlobalIDString = BD3CF1272692F07700FF0D68;
			remoteInfo = "Color Matching";
		};
		BD3CF14A2692F07A00FF0D68 /* PBXContainerItemProxy */ = {
			isa = PBXContainerItemProxy;
			containerPortal = BD3CF1202692F07600FF0D68 /* Project object */;
			proxyType = 1;
			remoteGlobalIDString = BD3CF1272692F07700FF0D68;
			remoteInfo = "Color Matching";
		};
/* End PBXContainerItemProxy section */

/* Begin PBXFileReference section */
		BD142D7726B36E9300CB5F2C /* MenuButtonView.swift */ = {isa = PBXFileReference; lastKnownFileType = sourcecode.swift; path = MenuButtonView.swift; sourceTree = "<group>"; };
		BD215CD126B5546A00B1D493 /* StatsView.swift */ = {isa = PBXFileReference; lastKnownFileType = sourcecode.swift; path = StatsView.swift; sourceTree = "<group>"; };
		BD2978EA2697C4B100F19AEF /* colorsData.json */ = {isa = PBXFileReference; fileEncoding = 4; lastKnownFileType = text.json; path = colorsData.json; sourceTree = "<group>"; };
		BD2E41E126B5415900D19D50 /* ScorePointView.swift */ = {isa = PBXFileReference; lastKnownFileType = sourcecode.swift; path = ScorePointView.swift; sourceTree = "<group>"; };
		BD3CF1282692F07700FF0D68 /* Color Matching.app */ = {isa = PBXFileReference; explicitFileType = wrapper.application; includeInIndex = 0; path = "Color Matching.app"; sourceTree = BUILT_PRODUCTS_DIR; };
		BD3CF12B2692F07700FF0D68 /* Color_MatchingApp.swift */ = {isa = PBXFileReference; lastKnownFileType = sourcecode.swift; path = Color_MatchingApp.swift; sourceTree = "<group>"; };
		BD3CF12F2692F07900FF0D68 /* Assets.xcassets */ = {isa = PBXFileReference; lastKnownFileType = folder.assetcatalog; path = Assets.xcassets; sourceTree = "<group>"; };
		BD3CF1322692F07900FF0D68 /* Preview Assets.xcassets */ = {isa = PBXFileReference; lastKnownFileType = folder.assetcatalog; path = "Preview Assets.xcassets"; sourceTree = "<group>"; };
		BD3CF1342692F07900FF0D68 /* Persistence.swift */ = {isa = PBXFileReference; lastKnownFileType = sourcecode.swift; path = Persistence.swift; sourceTree = "<group>"; };
		BD3CF1372692F07900FF0D68 /* Color_Matching.xcdatamodel */ = {isa = PBXFileReference; lastKnownFileType = wrapper.xcdatamodel; path = Color_Matching.xcdatamodel; sourceTree = "<group>"; };
		BD3CF1392692F07900FF0D68 /* Info.plist */ = {isa = PBXFileReference; lastKnownFileType = text.plist.xml; path = Info.plist; sourceTree = "<group>"; };
		BD3CF13E2692F07A00FF0D68 /* Color MatchingTests.xctest */ = {isa = PBXFileReference; explicitFileType = wrapper.cfbundle; includeInIndex = 0; path = "Color MatchingTests.xctest"; sourceTree = BUILT_PRODUCTS_DIR; };
		BD3CF1422692F07A00FF0D68 /* Color_MatchingTests.swift */ = {isa = PBXFileReference; lastKnownFileType = sourcecode.swift; path = Color_MatchingTests.swift; sourceTree = "<group>"; };
		BD3CF1442692F07A00FF0D68 /* Info.plist */ = {isa = PBXFileReference; lastKnownFileType = text.plist.xml; path = Info.plist; sourceTree = "<group>"; };
		BD3CF1492692F07A00FF0D68 /* Color MatchingUITests.xctest */ = {isa = PBXFileReference; explicitFileType = wrapper.cfbundle; includeInIndex = 0; path = "Color MatchingUITests.xctest"; sourceTree = BUILT_PRODUCTS_DIR; };
		BD3CF14D2692F07A00FF0D68 /* Color_MatchingUITests.swift */ = {isa = PBXFileReference; lastKnownFileType = sourcecode.swift; path = Color_MatchingUITests.swift; sourceTree = "<group>"; };
		BD3CF14F2692F07A00FF0D68 /* Info.plist */ = {isa = PBXFileReference; lastKnownFileType = text.plist.xml; path = Info.plist; sourceTree = "<group>"; };
		BD3FB45026B1F25700BA5F3B /* TimerHelper.swift */ = {isa = PBXFileReference; lastKnownFileType = sourcecode.swift; name = TimerHelper.swift; path = "Color Matching/Views/TimerHelper.swift"; sourceTree = SOURCE_ROOT; };
		BD3FB45526B1F84500BA5F3B /* QuizState.swift */ = {isa = PBXFileReference; lastKnownFileType = sourcecode.swift; path = QuizState.swift; sourceTree = "<group>"; };
		BD3FB45A26B1FF9600BA5F3B /* LearnAndQuizState.swift */ = {isa = PBXFileReference; lastKnownFileType = sourcecode.swift; path = LearnAndQuizState.swift; sourceTree = "<group>"; };
		BD9E1F2026B4A8F900ADD891 /* ScoreManager.swift */ = {isa = PBXFileReference; lastKnownFileType = sourcecode.swift; path = ScoreManager.swift; sourceTree = "<group>"; };
		BDFAB12626AF653F00BF65CD /* TimerView.swift */ = {isa = PBXFileReference; lastKnownFileType = sourcecode.swift; path = TimerView.swift; sourceTree = "<group>"; };
		F125010E26A5819700B521F1 /* ColorConverter.swift */ = {isa = PBXFileReference; lastKnownFileType = sourcecode.swift; name = ColorConverter.swift; path = "Color Matching/Helpers/ColorConverter.swift"; sourceTree = SOURCE_ROOT; };
		F145D10626A44D500044476F /* CardAnimations.swift */ = {isa = PBXFileReference; lastKnownFileType = sourcecode.swift; path = CardAnimations.swift; sourceTree = "<group>"; };
		F1469CAD2698D8A1006A14BC /* MainMenuView.swift */ = {isa = PBXFileReference; lastKnownFileType = sourcecode.swift; path = MainMenuView.swift; sourceTree = "<group>"; };
		F14A3C33269B27B800B9A710 /* ColorModel.swift */ = {isa = PBXFileReference; lastKnownFileType = sourcecode.swift; path = ColorModel.swift; sourceTree = "<group>"; };
		F14A3C4A269B28FB00B9A710 /* DataHelper.swift */ = {isa = PBXFileReference; lastKnownFileType = sourcecode.swift; path = DataHelper.swift; sourceTree = "<group>"; };
		F169585126A9F89200E1E86A /* Math.swift */ = {isa = PBXFileReference; lastKnownFileType = sourcecode.swift; path = Math.swift; sourceTree = "<group>"; };
		F169585626AA0B3900E1E86A /* SimilarColorsView.swift */ = {isa = PBXFileReference; lastKnownFileType = sourcecode.swift; path = SimilarColorsView.swift; sourceTree = "<group>"; };
		F1758E6826A0DEB20035E6B5 /* LearnDeckView.swift */ = {isa = PBXFileReference; lastKnownFileType = sourcecode.swift; path = LearnDeckView.swift; sourceTree = "<group>"; };
		F1758E6D26A0DFA60035E6B5 /* ColorCardMinimalView.swift */ = {isa = PBXFileReference; lastKnownFileType = sourcecode.swift; path = ColorCardMinimalView.swift; sourceTree = "<group>"; };
		F1913CAF26AC7BAB006D8D19 /* LearnAndQuizView.swift */ = {isa = PBXFileReference; lastKnownFileType = sourcecode.swift; path = LearnAndQuizView.swift; sourceTree = "<group>"; };
		F197014826A6DF4800494B2F /* AnimationsTest.swift */ = {isa = PBXFileReference; lastKnownFileType = sourcecode.swift; path = AnimationsTest.swift; sourceTree = "<group>"; };
		F1A8428726A623DE0068A897 /* DefinedColors.swift */ = {isa = PBXFileReference; lastKnownFileType = sourcecode.swift; path = DefinedColors.swift; sourceTree = "<group>"; };
		F1B568D226A608B20008494D /* BackgroundView.swift */ = {isa = PBXFileReference; lastKnownFileType = sourcecode.swift; path = BackgroundView.swift; sourceTree = "<group>"; };
		F1C519D9269DE18C0096B9B4 /* ReadSizeExtension.swift */ = {isa = PBXFileReference; lastKnownFileType = sourcecode.swift; path = ReadSizeExtension.swift; sourceTree = "<group>"; };
		F1D22CA7269B89AE009D4BD2 /* SwipeView.swift */ = {isa = PBXFileReference; lastKnownFileType = sourcecode.swift; path = SwipeView.swift; sourceTree = "<group>"; };
		F1D22CAC269BA14A009D4BD2 /* ColorCardView.swift */ = {isa = PBXFileReference; lastKnownFileType = sourcecode.swift; path = ColorCardView.swift; sourceTree = "<group>"; };
		F1D656E626AB552B007BCDAE /* TransparentCardView.swift */ = {isa = PBXFileReference; lastKnownFileType = sourcecode.swift; path = TransparentCardView.swift; sourceTree = "<group>"; };
		F1D656EE26AB758A007BCDAE /* QuizGameView.swift */ = {isa = PBXFileReference; lastKnownFileType = sourcecode.swift; path = QuizGameView.swift; sourceTree = "<group>"; };
		F1E28E0526AB0D1200B62054 /* SimilarColorPicker.swift */ = {isa = PBXFileReference; lastKnownFileType = sourcecode.swift; path = SimilarColorPicker.swift; sourceTree = "<group>"; };
		F1E28E0A26AB0D6000B62054 /* ColorsPickerHelper.swift */ = {isa = PBXFileReference; lastKnownFileType = sourcecode.swift; path = ColorsPickerHelper.swift; sourceTree = "<group>"; };
		F1E28E1226AB128400B62054 /* Hardness.swift */ = {isa = PBXFileReference; lastKnownFileType = sourcecode.swift; path = Hardness.swift; sourceTree = "<group>"; };
		F1F3757726A75D4700FBA06A /* GameHelpers.swift */ = {isa = PBXFileReference; lastKnownFileType = sourcecode.swift; path = GameHelpers.swift; sourceTree = "<group>"; };
/* End PBXFileReference section */

/* Begin PBXFrameworksBuildPhase section */
		BD3CF1252692F07700FF0D68 /* Frameworks */ = {
			isa = PBXFrameworksBuildPhase;
			buildActionMask = 2147483647;
			files = (
			);
			runOnlyForDeploymentPostprocessing = 0;
		};
		BD3CF13B2692F07A00FF0D68 /* Frameworks */ = {
			isa = PBXFrameworksBuildPhase;
			buildActionMask = 2147483647;
			files = (
			);
			runOnlyForDeploymentPostprocessing = 0;
		};
		BD3CF1462692F07A00FF0D68 /* Frameworks */ = {
			isa = PBXFrameworksBuildPhase;
			buildActionMask = 2147483647;
			files = (
			);
			runOnlyForDeploymentPostprocessing = 0;
		};
/* End PBXFrameworksBuildPhase section */

/* Begin PBXGroup section */
		BD215CD626B5547300B1D493 /* Menu */ = {
			isa = PBXGroup;
			children = (
				F1469CAD2698D8A1006A14BC /* MainMenuView.swift */,
				BD142D7726B36E9300CB5F2C /* MenuButtonView.swift */,
				BD215CD126B5546A00B1D493 /* StatsView.swift */,
			);
			path = Menu;
			sourceTree = "<group>";
		};
		BD215CD726B5548300B1D493 /* GamesView */ = {
			isa = PBXGroup;
			children = (
				BD215CDA26B554EA00B1D493 /* Elements */,
				F1913CAF26AC7BAB006D8D19 /* LearnAndQuizView.swift */,
				F1D22CA7269B89AE009D4BD2 /* SwipeView.swift */,
				F1D656EE26AB758A007BCDAE /* QuizGameView.swift */,
				F1758E6826A0DEB20035E6B5 /* LearnDeckView.swift */,
			);
			path = GamesView;
			sourceTree = "<group>";
		};
		BD215CD826B554A800B1D493 /* Cards */ = {
			isa = PBXGroup;
			children = (
				F1D22CAC269BA14A009D4BD2 /* ColorCardView.swift */,
				F1758E6D26A0DFA60035E6B5 /* ColorCardMinimalView.swift */,
				F1D656E626AB552B007BCDAE /* TransparentCardView.swift */,
			);
			path = Cards;
			sourceTree = "<group>";
		};
		BD215CD926B554C000B1D493 /* Helpers */ = {
			isa = PBXGroup;
			children = (
				F169585626AA0B3900E1E86A /* SimilarColorsView.swift */,
			);
			path = Helpers;
			sourceTree = "<group>";
		};
		BD215CDA26B554EA00B1D493 /* Elements */ = {
			isa = PBXGroup;
			children = (
				BD2E41E126B5415900D19D50 /* ScorePointView.swift */,
				BDFAB12626AF653F00BF65CD /* TimerView.swift */,
				F1B568D226A608B20008494D /* BackgroundView.swift */,
			);
			path = Elements;
			sourceTree = "<group>";
		};
		BD2978E02697C45600F19AEF /* Views */ = {
			isa = PBXGroup;
			children = (
				BD215CD926B554C000B1D493 /* Helpers */,
				BD215CD826B554A800B1D493 /* Cards */,
				BD215CD726B5548300B1D493 /* GamesView */,
				BD215CD626B5547300B1D493 /* Menu */,
			);
			path = Views;
			sourceTree = "<group>";
		};
		BD2978E82697C47000F19AEF /* Data */ = {
			isa = PBXGroup;
			children = (
				BD2978EA2697C4B100F19AEF /* colorsData.json */,
			);
			path = Data;
			sourceTree = "<group>";
		};
		BD3CF11F2692F07600FF0D68 = {
			isa = PBXGroup;
			children = (
				BD3CF12A2692F07700FF0D68 /* Color Matching */,
				BD3CF1412692F07A00FF0D68 /* Color MatchingTests */,
				BD3CF14C2692F07A00FF0D68 /* Color MatchingUITests */,
				BD3CF1292692F07700FF0D68 /* Products */,
			);
			sourceTree = "<group>";
		};
		BD3CF1292692F07700FF0D68 /* Products */ = {
			isa = PBXGroup;
			children = (
				BD3CF1282692F07700FF0D68 /* Color Matching.app */,
				BD3CF13E2692F07A00FF0D68 /* Color MatchingTests.xctest */,
				BD3CF1492692F07A00FF0D68 /* Color MatchingUITests.xctest */,
			);
			name = Products;
			sourceTree = "<group>";
		};
		BD3CF12A2692F07700FF0D68 /* Color Matching */ = {
			isa = PBXGroup;
			children = (
				F145D0FC26A446A30044476F /* Logic */,
				F1C519D8269DE1730096B9B4 /* Helpers */,
				F14A3C52269B292A00B9A710 /* Model */,
				BD2978E82697C47000F19AEF /* Data */,
				F1461DB426A82F880082C886 /* Animations */,
				BD2978E02697C45600F19AEF /* Views */,
				BD3CF12B2692F07700FF0D68 /* Color_MatchingApp.swift */,
				BD3CF12F2692F07900FF0D68 /* Assets.xcassets */,
				BD3CF1342692F07900FF0D68 /* Persistence.swift */,
				BD3CF1392692F07900FF0D68 /* Info.plist */,
				BD3CF1362692F07900FF0D68 /* Color_Matching.xcdatamodeld */,
				BD3CF1312692F07900FF0D68 /* Preview Content */,
			);
			path = "Color Matching";
			sourceTree = "<group>";
		};
		BD3CF1312692F07900FF0D68 /* Preview Content */ = {
			isa = PBXGroup;
			children = (
				BD3CF1322692F07900FF0D68 /* Preview Assets.xcassets */,
			);
			path = "Preview Content";
			sourceTree = "<group>";
		};
		BD3CF1412692F07A00FF0D68 /* Color MatchingTests */ = {
			isa = PBXGroup;
			children = (
				BD3CF1422692F07A00FF0D68 /* Color_MatchingTests.swift */,
				BD3CF1442692F07A00FF0D68 /* Info.plist */,
			);
			path = "Color MatchingTests";
			sourceTree = "<group>";
		};
		BD3CF14C2692F07A00FF0D68 /* Color MatchingUITests */ = {
			isa = PBXGroup;
			children = (
				BD3CF14D2692F07A00FF0D68 /* Color_MatchingUITests.swift */,
				BD3CF14F2692F07A00FF0D68 /* Info.plist */,
			);
			path = "Color MatchingUITests";
			sourceTree = "<group>";
		};
		F145D0FC26A446A30044476F /* Logic */ = {
			isa = PBXGroup;
			children = (
				BD3FB45026B1F25700BA5F3B /* TimerHelper.swift */,
				F1E28E1226AB128400B62054 /* Hardness.swift */,
				F1E28E0526AB0D1200B62054 /* SimilarColorPicker.swift */,
				BD3FB45526B1F84500BA5F3B /* QuizState.swift */,
				BD3FB45A26B1FF9600BA5F3B /* LearnAndQuizState.swift */,
			);
			path = Logic;
			sourceTree = "<group>";
		};
		F1461DB426A82F880082C886 /* Animations */ = {
			isa = PBXGroup;
			children = (
				F197014826A6DF4800494B2F /* AnimationsTest.swift */,
				F145D10626A44D500044476F /* CardAnimations.swift */,
			);
			path = Animations;
			sourceTree = "<group>";
		};
		F14A3C52269B292A00B9A710 /* Model */ = {
			isa = PBXGroup;
			children = (
				F14A3C33269B27B800B9A710 /* ColorModel.swift */,
				F14A3C4A269B28FB00B9A710 /* DataHelper.swift */,
				F1A8428726A623DE0068A897 /* DefinedColors.swift */,
				BD9E1F2026B4A8F900ADD891 /* ScoreManager.swift */,
			);
			path = Model;
			sourceTree = "<group>";
		};
		F1C519D8269DE1730096B9B4 /* Helpers */ = {
			isa = PBXGroup;
			children = (
				F1E28E0A26AB0D6000B62054 /* ColorsPickerHelper.swift */,
				F1C519D9269DE18C0096B9B4 /* ReadSizeExtension.swift */,
				F1F3757726A75D4700FBA06A /* GameHelpers.swift */,
				F169585126A9F89200E1E86A /* Math.swift */,
				F125010E26A5819700B521F1 /* ColorConverter.swift */,
			);
			path = Helpers;
			sourceTree = "<group>";
		};
/* End PBXGroup section */

/* Begin PBXNativeTarget section */
		BD3CF1272692F07700FF0D68 /* Color Matching */ = {
			isa = PBXNativeTarget;
			buildConfigurationList = BD3CF1522692F07A00FF0D68 /* Build configuration list for PBXNativeTarget "Color Matching" */;
			buildPhases = (
				BD3CF1242692F07700FF0D68 /* Sources */,
				BD3CF1252692F07700FF0D68 /* Frameworks */,
				BD3CF1262692F07700FF0D68 /* Resources */,
			);
			buildRules = (
			);
			dependencies = (
			);
			name = "Color Matching";
			productName = "Color Matching";
			productReference = BD3CF1282692F07700FF0D68 /* Color Matching.app */;
			productType = "com.apple.product-type.application";
		};
		BD3CF13D2692F07A00FF0D68 /* Color MatchingTests */ = {
			isa = PBXNativeTarget;
			buildConfigurationList = BD3CF1552692F07A00FF0D68 /* Build configuration list for PBXNativeTarget "Color MatchingTests" */;
			buildPhases = (
				BD3CF13A2692F07A00FF0D68 /* Sources */,
				BD3CF13B2692F07A00FF0D68 /* Frameworks */,
				BD3CF13C2692F07A00FF0D68 /* Resources */,
			);
			buildRules = (
			);
			dependencies = (
				BD3CF1402692F07A00FF0D68 /* PBXTargetDependency */,
			);
			name = "Color MatchingTests";
			productName = "Color MatchingTests";
			productReference = BD3CF13E2692F07A00FF0D68 /* Color MatchingTests.xctest */;
			productType = "com.apple.product-type.bundle.unit-test";
		};
		BD3CF1482692F07A00FF0D68 /* Color MatchingUITests */ = {
			isa = PBXNativeTarget;
			buildConfigurationList = BD3CF1582692F07A00FF0D68 /* Build configuration list for PBXNativeTarget "Color MatchingUITests" */;
			buildPhases = (
				BD3CF1452692F07A00FF0D68 /* Sources */,
				BD3CF1462692F07A00FF0D68 /* Frameworks */,
				BD3CF1472692F07A00FF0D68 /* Resources */,
			);
			buildRules = (
			);
			dependencies = (
				BD3CF14B2692F07A00FF0D68 /* PBXTargetDependency */,
			);
			name = "Color MatchingUITests";
			productName = "Color MatchingUITests";
			productReference = BD3CF1492692F07A00FF0D68 /* Color MatchingUITests.xctest */;
			productType = "com.apple.product-type.bundle.ui-testing";
		};
/* End PBXNativeTarget section */

/* Begin PBXProject section */
		BD3CF1202692F07600FF0D68 /* Project object */ = {
			isa = PBXProject;
			attributes = {
				LastSwiftUpdateCheck = 1240;
				LastUpgradeCheck = 1240;
				TargetAttributes = {
					BD3CF1272692F07700FF0D68 = {
						CreatedOnToolsVersion = 12.4;
					};
					BD3CF13D2692F07A00FF0D68 = {
						CreatedOnToolsVersion = 12.4;
						TestTargetID = BD3CF1272692F07700FF0D68;
					};
					BD3CF1482692F07A00FF0D68 = {
						CreatedOnToolsVersion = 12.4;
						TestTargetID = BD3CF1272692F07700FF0D68;
					};
				};
			};
			buildConfigurationList = BD3CF1232692F07600FF0D68 /* Build configuration list for PBXProject "Color Matching" */;
			compatibilityVersion = "Xcode 9.3";
			developmentRegion = en;
			hasScannedForEncodings = 0;
			knownRegions = (
				en,
				Base,
				ru,
			);
			mainGroup = BD3CF11F2692F07600FF0D68;
			productRefGroup = BD3CF1292692F07700FF0D68 /* Products */;
			projectDirPath = "";
			projectRoot = "";
			targets = (
				BD3CF1272692F07700FF0D68 /* Color Matching */,
				BD3CF13D2692F07A00FF0D68 /* Color MatchingTests */,
				BD3CF1482692F07A00FF0D68 /* Color MatchingUITests */,
			);
		};
/* End PBXProject section */

/* Begin PBXResourcesBuildPhase section */
		BD3CF1262692F07700FF0D68 /* Resources */ = {
			isa = PBXResourcesBuildPhase;
			buildActionMask = 2147483647;
			files = (
				BD2978EB2697C4B100F19AEF /* colorsData.json in Resources */,
				BD3CF1332692F07900FF0D68 /* Preview Assets.xcassets in Resources */,
				BD3CF1302692F07900FF0D68 /* Assets.xcassets in Resources */,
			);
			runOnlyForDeploymentPostprocessing = 0;
		};
		BD3CF13C2692F07A00FF0D68 /* Resources */ = {
			isa = PBXResourcesBuildPhase;
			buildActionMask = 2147483647;
			files = (
			);
			runOnlyForDeploymentPostprocessing = 0;
		};
		BD3CF1472692F07A00FF0D68 /* Resources */ = {
			isa = PBXResourcesBuildPhase;
			buildActionMask = 2147483647;
			files = (
			);
			runOnlyForDeploymentPostprocessing = 0;
		};
/* End PBXResourcesBuildPhase section */

/* Begin PBXSourcesBuildPhase section */
		BD3CF1242692F07700FF0D68 /* Sources */ = {
			isa = PBXSourcesBuildPhase;
			buildActionMask = 2147483647;
			files = (
				F1B568D326A608B20008494D /* BackgroundView.swift in Sources */,
				F14A3C4B269B28FB00B9A710 /* DataHelper.swift in Sources */,
				BD142D7826B36E9300CB5F2C /* MenuButtonView.swift in Sources */,
				F1E28E0626AB0D1200B62054 /* SimilarColorPicker.swift in Sources */,
				F1758E6E26A0DFA60035E6B5 /* ColorCardMinimalView.swift in Sources */,
				BD3CF1382692F07900FF0D68 /* Color_Matching.xcdatamodeld in Sources */,
				BD3FB45126B1F25700BA5F3B /* TimerHelper.swift in Sources */,
				F1D22CAD269BA14A009D4BD2 /* ColorCardView.swift in Sources */,
				F169585726AA0B3900E1E86A /* SimilarColorsView.swift in Sources */,
				F197014926A6DF4800494B2F /* AnimationsTest.swift in Sources */,
				BD3CF1352692F07900FF0D68 /* Persistence.swift in Sources */,
				BD215CD226B5546A00B1D493 /* StatsView.swift in Sources */,
				BDFAB12726AF653F00BF65CD /* TimerView.swift in Sources */,
				BD9E1F2126B4A8F900ADD891 /* ScoreManager.swift in Sources */,
				F1D22CA8269B89AE009D4BD2 /* SwipeView.swift in Sources */,
				F1758E6926A0DEB20035E6B5 /* LearnDeckView.swift in Sources */,
				F1D656E726AB552B007BCDAE /* TransparentCardView.swift in Sources */,
				BD2E41E226B5415900D19D50 /* ScorePointView.swift in Sources */,
				F1E28E0B26AB0D6000B62054 /* ColorsPickerHelper.swift in Sources */,
				BD3FB45B26B1FF9600BA5F3B /* LearnAndQuizState.swift in Sources */,
				F1469CAE2698D8A1006A14BC /* MainMenuView.swift in Sources */,
				BD3FB45626B1F84500BA5F3B /* QuizState.swift in Sources */,
				F1C519DA269DE18C0096B9B4 /* ReadSizeExtension.swift in Sources */,
				F1D656EF26AB758A007BCDAE /* QuizGameView.swift in Sources */,
				F1F3757826A75D4700FBA06A /* GameHelpers.swift in Sources */,
				F1E28E1326AB128400B62054 /* Hardness.swift in Sources */,
				F125010F26A5819700B521F1 /* ColorConverter.swift in Sources */,
				F169585226A9F89200E1E86A /* Math.swift in Sources */,
				F145D10726A44D500044476F /* CardAnimations.swift in Sources */,
				BD3CF12C2692F07700FF0D68 /* Color_MatchingApp.swift in Sources */,
				F14A3C34269B27B800B9A710 /* ColorModel.swift in Sources */,
				F1913CB026AC7BAB006D8D19 /* LearnAndQuizView.swift in Sources */,
				F1A8428826A623DE0068A897 /* DefinedColors.swift in Sources */,
			);
			runOnlyForDeploymentPostprocessing = 0;
		};
		BD3CF13A2692F07A00FF0D68 /* Sources */ = {
			isa = PBXSourcesBuildPhase;
			buildActionMask = 2147483647;
			files = (
				BD3CF1432692F07A00FF0D68 /* Color_MatchingTests.swift in Sources */,
			);
			runOnlyForDeploymentPostprocessing = 0;
		};
		BD3CF1452692F07A00FF0D68 /* Sources */ = {
			isa = PBXSourcesBuildPhase;
			buildActionMask = 2147483647;
			files = (
				BD3CF14E2692F07A00FF0D68 /* Color_MatchingUITests.swift in Sources */,
			);
			runOnlyForDeploymentPostprocessing = 0;
		};
/* End PBXSourcesBuildPhase section */

/* Begin PBXTargetDependency section */
		BD3CF1402692F07A00FF0D68 /* PBXTargetDependency */ = {
			isa = PBXTargetDependency;
			target = BD3CF1272692F07700FF0D68 /* Color Matching */;
			targetProxy = BD3CF13F2692F07A00FF0D68 /* PBXContainerItemProxy */;
		};
		BD3CF14B2692F07A00FF0D68 /* PBXTargetDependency */ = {
			isa = PBXTargetDependency;
			target = BD3CF1272692F07700FF0D68 /* Color Matching */;
			targetProxy = BD3CF14A2692F07A00FF0D68 /* PBXContainerItemProxy */;
		};
/* End PBXTargetDependency section */

/* Begin XCBuildConfiguration section */
		BD3CF1502692F07A00FF0D68 /* Debug */ = {
			isa = XCBuildConfiguration;
			buildSettings = {
				ALWAYS_SEARCH_USER_PATHS = NO;
				CLANG_ANALYZER_NONNULL = YES;
				CLANG_ANALYZER_NUMBER_OBJECT_CONVERSION = YES_AGGRESSIVE;
				CLANG_CXX_LANGUAGE_STANDARD = "gnu++14";
				CLANG_CXX_LIBRARY = "libc++";
				CLANG_ENABLE_MODULES = YES;
				CLANG_ENABLE_OBJC_ARC = YES;
				CLANG_ENABLE_OBJC_WEAK = YES;
				CLANG_WARN_BLOCK_CAPTURE_AUTORELEASING = YES;
				CLANG_WARN_BOOL_CONVERSION = YES;
				CLANG_WARN_COMMA = YES;
				CLANG_WARN_CONSTANT_CONVERSION = YES;
				CLANG_WARN_DEPRECATED_OBJC_IMPLEMENTATIONS = YES;
				CLANG_WARN_DIRECT_OBJC_ISA_USAGE = YES_ERROR;
				CLANG_WARN_DOCUMENTATION_COMMENTS = YES;
				CLANG_WARN_EMPTY_BODY = YES;
				CLANG_WARN_ENUM_CONVERSION = YES;
				CLANG_WARN_INFINITE_RECURSION = YES;
				CLANG_WARN_INT_CONVERSION = YES;
				CLANG_WARN_NON_LITERAL_NULL_CONVERSION = YES;
				CLANG_WARN_OBJC_IMPLICIT_RETAIN_SELF = YES;
				CLANG_WARN_OBJC_LITERAL_CONVERSION = YES;
				CLANG_WARN_OBJC_ROOT_CLASS = YES_ERROR;
				CLANG_WARN_QUOTED_INCLUDE_IN_FRAMEWORK_HEADER = YES;
				CLANG_WARN_RANGE_LOOP_ANALYSIS = YES;
				CLANG_WARN_STRICT_PROTOTYPES = YES;
				CLANG_WARN_SUSPICIOUS_MOVE = YES;
				CLANG_WARN_UNGUARDED_AVAILABILITY = YES_AGGRESSIVE;
				CLANG_WARN_UNREACHABLE_CODE = YES;
				CLANG_WARN__DUPLICATE_METHOD_MATCH = YES;
				COPY_PHASE_STRIP = NO;
				DEBUG_INFORMATION_FORMAT = dwarf;
				ENABLE_STRICT_OBJC_MSGSEND = YES;
				ENABLE_TESTABILITY = YES;
				GCC_C_LANGUAGE_STANDARD = gnu11;
				GCC_DYNAMIC_NO_PIC = NO;
				GCC_NO_COMMON_BLOCKS = YES;
				GCC_OPTIMIZATION_LEVEL = 0;
				GCC_PREPROCESSOR_DEFINITIONS = (
					"DEBUG=1",
					"$(inherited)",
				);
				GCC_WARN_64_TO_32_BIT_CONVERSION = YES;
				GCC_WARN_ABOUT_RETURN_TYPE = YES_ERROR;
				GCC_WARN_UNDECLARED_SELECTOR = YES;
				GCC_WARN_UNINITIALIZED_AUTOS = YES_AGGRESSIVE;
				GCC_WARN_UNUSED_FUNCTION = YES;
				GCC_WARN_UNUSED_VARIABLE = YES;
				IPHONEOS_DEPLOYMENT_TARGET = 14.4;
				MTL_ENABLE_DEBUG_INFO = INCLUDE_SOURCE;
				MTL_FAST_MATH = YES;
				ONLY_ACTIVE_ARCH = YES;
				SDKROOT = iphoneos;
				SWIFT_ACTIVE_COMPILATION_CONDITIONS = DEBUG;
				SWIFT_OPTIMIZATION_LEVEL = "-Onone";
			};
			name = Debug;
		};
		BD3CF1512692F07A00FF0D68 /* Release */ = {
			isa = XCBuildConfiguration;
			buildSettings = {
				ALWAYS_SEARCH_USER_PATHS = NO;
				CLANG_ANALYZER_NONNULL = YES;
				CLANG_ANALYZER_NUMBER_OBJECT_CONVERSION = YES_AGGRESSIVE;
				CLANG_CXX_LANGUAGE_STANDARD = "gnu++14";
				CLANG_CXX_LIBRARY = "libc++";
				CLANG_ENABLE_MODULES = YES;
				CLANG_ENABLE_OBJC_ARC = YES;
				CLANG_ENABLE_OBJC_WEAK = YES;
				CLANG_WARN_BLOCK_CAPTURE_AUTORELEASING = YES;
				CLANG_WARN_BOOL_CONVERSION = YES;
				CLANG_WARN_COMMA = YES;
				CLANG_WARN_CONSTANT_CONVERSION = YES;
				CLANG_WARN_DEPRECATED_OBJC_IMPLEMENTATIONS = YES;
				CLANG_WARN_DIRECT_OBJC_ISA_USAGE = YES_ERROR;
				CLANG_WARN_DOCUMENTATION_COMMENTS = YES;
				CLANG_WARN_EMPTY_BODY = YES;
				CLANG_WARN_ENUM_CONVERSION = YES;
				CLANG_WARN_INFINITE_RECURSION = YES;
				CLANG_WARN_INT_CONVERSION = YES;
				CLANG_WARN_NON_LITERAL_NULL_CONVERSION = YES;
				CLANG_WARN_OBJC_IMPLICIT_RETAIN_SELF = YES;
				CLANG_WARN_OBJC_LITERAL_CONVERSION = YES;
				CLANG_WARN_OBJC_ROOT_CLASS = YES_ERROR;
				CLANG_WARN_QUOTED_INCLUDE_IN_FRAMEWORK_HEADER = YES;
				CLANG_WARN_RANGE_LOOP_ANALYSIS = YES;
				CLANG_WARN_STRICT_PROTOTYPES = YES;
				CLANG_WARN_SUSPICIOUS_MOVE = YES;
				CLANG_WARN_UNGUARDED_AVAILABILITY = YES_AGGRESSIVE;
				CLANG_WARN_UNREACHABLE_CODE = YES;
				CLANG_WARN__DUPLICATE_METHOD_MATCH = YES;
				COPY_PHASE_STRIP = NO;
				DEBUG_INFORMATION_FORMAT = "dwarf-with-dsym";
				ENABLE_NS_ASSERTIONS = NO;
				ENABLE_STRICT_OBJC_MSGSEND = YES;
				GCC_C_LANGUAGE_STANDARD = gnu11;
				GCC_NO_COMMON_BLOCKS = YES;
				GCC_WARN_64_TO_32_BIT_CONVERSION = YES;
				GCC_WARN_ABOUT_RETURN_TYPE = YES_ERROR;
				GCC_WARN_UNDECLARED_SELECTOR = YES;
				GCC_WARN_UNINITIALIZED_AUTOS = YES_AGGRESSIVE;
				GCC_WARN_UNUSED_FUNCTION = YES;
				GCC_WARN_UNUSED_VARIABLE = YES;
				IPHONEOS_DEPLOYMENT_TARGET = 14.4;
				MTL_ENABLE_DEBUG_INFO = NO;
				MTL_FAST_MATH = YES;
				SDKROOT = iphoneos;
				SWIFT_COMPILATION_MODE = wholemodule;
				SWIFT_OPTIMIZATION_LEVEL = "-O";
				VALIDATE_PRODUCT = YES;
			};
			name = Release;
		};
		BD3CF1532692F07A00FF0D68 /* Debug */ = {
			isa = XCBuildConfiguration;
			buildSettings = {
				ASSETCATALOG_COMPILER_APPICON_NAME = AppIcon;
				ASSETCATALOG_COMPILER_GLOBAL_ACCENT_COLOR_NAME = AccentColor;
				CODE_SIGN_STYLE = Automatic;
				DEVELOPMENT_ASSET_PATHS = "\"Color Matching/Preview Content\"";
				DEVELOPMENT_TEAM = 9942MC6727;
				ENABLE_PREVIEWS = YES;
				INFOPLIST_FILE = "Color Matching/Info.plist";
				IPHONEOS_DEPLOYMENT_TARGET = 14.0;
				LD_RUNPATH_SEARCH_PATHS = (
					"$(inherited)",
					"@executable_path/Frameworks",
				);
				MARKETING_VERSION = 0.5;
				PRODUCT_BUNDLE_IDENTIFIER = "com.alex-n-dave.color-matching";
				PRODUCT_NAME = "$(TARGET_NAME)";
				SWIFT_VERSION = 5.0;
				TARGETED_DEVICE_FAMILY = 1;
			};
			name = Debug;
		};
		BD3CF1542692F07A00FF0D68 /* Release */ = {
			isa = XCBuildConfiguration;
			buildSettings = {
				ASSETCATALOG_COMPILER_APPICON_NAME = AppIcon;
				ASSETCATALOG_COMPILER_GLOBAL_ACCENT_COLOR_NAME = AccentColor;
				CODE_SIGN_STYLE = Automatic;
				DEVELOPMENT_ASSET_PATHS = "\"Color Matching/Preview Content\"";
				DEVELOPMENT_TEAM = 9942MC6727;
				ENABLE_PREVIEWS = YES;
				INFOPLIST_FILE = "Color Matching/Info.plist";
				IPHONEOS_DEPLOYMENT_TARGET = 14.0;
				LD_RUNPATH_SEARCH_PATHS = (
					"$(inherited)",
					"@executable_path/Frameworks",
				);
				MARKETING_VERSION = 0.5;
				PRODUCT_BUNDLE_IDENTIFIER = "com.alex-n-dave.color-matching";
				PRODUCT_NAME = "$(TARGET_NAME)";
				SWIFT_VERSION = 5.0;
				TARGETED_DEVICE_FAMILY = 1;
			};
			name = Release;
		};
		BD3CF1562692F07A00FF0D68 /* Debug */ = {
			isa = XCBuildConfiguration;
			buildSettings = {
				ALWAYS_EMBED_SWIFT_STANDARD_LIBRARIES = YES;
				BUNDLE_LOADER = "$(TEST_HOST)";
				CODE_SIGN_STYLE = Automatic;
				INFOPLIST_FILE = "Color MatchingTests/Info.plist";
				IPHONEOS_DEPLOYMENT_TARGET = 14.0;
				LD_RUNPATH_SEARCH_PATHS = (
					"$(inherited)",
					"@executable_path/Frameworks",
					"@loader_path/Frameworks",
				);
				PRODUCT_BUNDLE_IDENTIFIER = "com.appledrochers.Color-MatchingTests";
				PRODUCT_NAME = "$(TARGET_NAME)";
				SWIFT_VERSION = 5.0;
				TARGETED_DEVICE_FAMILY = "1,2";
				TEST_HOST = "$(BUILT_PRODUCTS_DIR)/Color Matching.app/Color Matching";
			};
			name = Debug;
		};
		BD3CF1572692F07A00FF0D68 /* Release */ = {
			isa = XCBuildConfiguration;
			buildSettings = {
				ALWAYS_EMBED_SWIFT_STANDARD_LIBRARIES = YES;
				BUNDLE_LOADER = "$(TEST_HOST)";
				CODE_SIGN_STYLE = Automatic;
				INFOPLIST_FILE = "Color MatchingTests/Info.plist";
				IPHONEOS_DEPLOYMENT_TARGET = 14.0;
				LD_RUNPATH_SEARCH_PATHS = (
					"$(inherited)",
					"@executable_path/Frameworks",
					"@loader_path/Frameworks",
				);
				PRODUCT_BUNDLE_IDENTIFIER = "com.appledrochers.Color-MatchingTests";
				PRODUCT_NAME = "$(TARGET_NAME)";
				SWIFT_VERSION = 5.0;
				TARGETED_DEVICE_FAMILY = "1,2";
				TEST_HOST = "$(BUILT_PRODUCTS_DIR)/Color Matching.app/Color Matching";
			};
			name = Release;
		};
		BD3CF1592692F07A00FF0D68 /* Debug */ = {
			isa = XCBuildConfiguration;
			buildSettings = {
				ALWAYS_EMBED_SWIFT_STANDARD_LIBRARIES = YES;
				CODE_SIGN_STYLE = Automatic;
				INFOPLIST_FILE = "Color MatchingUITests/Info.plist";
				LD_RUNPATH_SEARCH_PATHS = (
					"$(inherited)",
					"@executable_path/Frameworks",
					"@loader_path/Frameworks",
				);
				PRODUCT_BUNDLE_IDENTIFIER = "com.appledrochers.Color-MatchingUITests";
				PRODUCT_NAME = "$(TARGET_NAME)";
				SWIFT_VERSION = 5.0;
				TARGETED_DEVICE_FAMILY = "1,2";
				TEST_TARGET_NAME = "Color Matching";
			};
			name = Debug;
		};
		BD3CF15A2692F07A00FF0D68 /* Release */ = {
			isa = XCBuildConfiguration;
			buildSettings = {
				ALWAYS_EMBED_SWIFT_STANDARD_LIBRARIES = YES;
				CODE_SIGN_STYLE = Automatic;
				INFOPLIST_FILE = "Color MatchingUITests/Info.plist";
				LD_RUNPATH_SEARCH_PATHS = (
					"$(inherited)",
					"@executable_path/Frameworks",
					"@loader_path/Frameworks",
				);
				PRODUCT_BUNDLE_IDENTIFIER = "com.appledrochers.Color-MatchingUITests";
				PRODUCT_NAME = "$(TARGET_NAME)";
				SWIFT_VERSION = 5.0;
				TARGETED_DEVICE_FAMILY = "1,2";
				TEST_TARGET_NAME = "Color Matching";
			};
			name = Release;
		};
/* End XCBuildConfiguration section */

/* Begin XCConfigurationList section */
		BD3CF1232692F07600FF0D68 /* Build configuration list for PBXProject "Color Matching" */ = {
			isa = XCConfigurationList;
			buildConfigurations = (
				BD3CF1502692F07A00FF0D68 /* Debug */,
				BD3CF1512692F07A00FF0D68 /* Release */,
			);
			defaultConfigurationIsVisible = 0;
			defaultConfigurationName = Release;
		};
		BD3CF1522692F07A00FF0D68 /* Build configuration list for PBXNativeTarget "Color Matching" */ = {
			isa = XCConfigurationList;
			buildConfigurations = (
				BD3CF1532692F07A00FF0D68 /* Debug */,
				BD3CF1542692F07A00FF0D68 /* Release */,
			);
			defaultConfigurationIsVisible = 0;
			defaultConfigurationName = Release;
		};
		BD3CF1552692F07A00FF0D68 /* Build configuration list for PBXNativeTarget "Color MatchingTests" */ = {
			isa = XCConfigurationList;
			buildConfigurations = (
				BD3CF1562692F07A00FF0D68 /* Debug */,
				BD3CF1572692F07A00FF0D68 /* Release */,
			);
			defaultConfigurationIsVisible = 0;
			defaultConfigurationName = Release;
		};
		BD3CF1582692F07A00FF0D68 /* Build configuration list for PBXNativeTarget "Color MatchingUITests" */ = {
			isa = XCConfigurationList;
			buildConfigurations = (
				BD3CF1592692F07A00FF0D68 /* Debug */,
				BD3CF15A2692F07A00FF0D68 /* Release */,
			);
			defaultConfigurationIsVisible = 0;
			defaultConfigurationName = Release;
		};
/* End XCConfigurationList section */

/* Begin XCVersionGroup section */
		BD3CF1362692F07900FF0D68 /* Color_Matching.xcdatamodeld */ = {
			isa = XCVersionGroup;
			children = (
				BD3CF1372692F07900FF0D68 /* Color_Matching.xcdatamodel */,
			);
			currentVersion = BD3CF1372692F07900FF0D68 /* Color_Matching.xcdatamodel */;
			path = Color_Matching.xcdatamodeld;
			sourceTree = "<group>";
			versionGroupType = wrapper.xcdatamodel;
		};
/* End XCVersionGroup section */
	};
	rootObject = BD3CF1202692F07600FF0D68 /* Project object */;
}
